// !$*UTF8*$!
{
	archiveVersion = 1;
	classes = {
	};
	objectVersion = 46;
	objects = {

/* Begin PBXBuildFile section */
		3FC9DEF91CBFD35900C2D938 /* AppDelegate.swift in Sources */ = {isa = PBXBuildFile; fileRef = 3FC9DEF81CBFD35900C2D938 /* AppDelegate.swift */; };
		3FC9DEFE1CBFD35900C2D938 /* Main.storyboard in Resources */ = {isa = PBXBuildFile; fileRef = 3FC9DEFC1CBFD35900C2D938 /* Main.storyboard */; };
		3FC9DF001CBFD35900C2D938 /* Assets.xcassets in Resources */ = {isa = PBXBuildFile; fileRef = 3FC9DEFF1CBFD35900C2D938 /* Assets.xcassets */; };
		3FC9DF031CBFD35900C2D938 /* LaunchScreen.storyboard in Resources */ = {isa = PBXBuildFile; fileRef = 3FC9DF011CBFD35900C2D938 /* LaunchScreen.storyboard */; };
		3FC9DF0E1CBFD35900C2D938 /* SwiftMKitDemoTests.swift in Sources */ = {isa = PBXBuildFile; fileRef = 3FC9DF0D1CBFD35900C2D938 /* SwiftMKitDemoTests.swift */; };
		3FC9DF191CBFD35A00C2D938 /* SwiftMKitDemoUITests.swift in Sources */ = {isa = PBXBuildFile; fileRef = 3FC9DF181CBFD35A00C2D938 /* SwiftMKitDemoUITests.swift */; };
		3FC9DF311CBFD53A00C2D938 /* NetApiClient.swift in Sources */ = {isa = PBXBuildFile; fileRef = 3FC9DF281CBFD53A00C2D938 /* NetApiClient.swift */; };
		3FC9DF321CBFD53A00C2D938 /* NetApiData.swift in Sources */ = {isa = PBXBuildFile; fileRef = 3FC9DF291CBFD53A00C2D938 /* NetApiData.swift */; };
		3FC9DF331CBFD53A00C2D938 /* SwiftMKit.swift in Sources */ = {isa = PBXBuildFile; fileRef = 3FC9DF2A1CBFD53A00C2D938 /* SwiftMKit.swift */; };
		3FC9DF341CBFD53A00C2D938 /* BaseKitViewController.swift in Sources */ = {isa = PBXBuildFile; fileRef = 3FC9DF2D1CBFD53A00C2D938 /* BaseKitViewController.swift */; };
		3FC9DF351CBFD53A00C2D938 /* BaseKitViewModel.swift in Sources */ = {isa = PBXBuildFile; fileRef = 3FC9DF2E1CBFD53A00C2D938 /* BaseKitViewModel.swift */; };
		3FC9DF361CBFD53A00C2D938 /* BaseListKitViewController.swift in Sources */ = {isa = PBXBuildFile; fileRef = 3FC9DF2F1CBFD53A00C2D938 /* BaseListKitViewController.swift */; };
		3FC9DF371CBFD53A00C2D938 /* BaseListKitViewModel.swift in Sources */ = {isa = PBXBuildFile; fileRef = 3FC9DF301CBFD53A00C2D938 /* BaseListKitViewModel.swift */; };
		3FC9DF541CBFD6D400C2D938 /* GlobalConfig.swift in Sources */ = {isa = PBXBuildFile; fileRef = 3FC9DF391CBFD6D400C2D938 /* GlobalConfig.swift */; };
		3FC9DF551CBFD6D400C2D938 /* MKitDemoApiClient.swift in Sources */ = {isa = PBXBuildFile; fileRef = 3FC9DF3C1CBFD6D400C2D938 /* MKitDemoApiClient.swift */; };
		3FC9DF561CBFD6D400C2D938 /* MKitDemoApiData.swift in Sources */ = {isa = PBXBuildFile; fileRef = 3FC9DF3D1CBFD6D400C2D938 /* MKitDemoApiData.swift */; };
		3FC9DF571CBFD6D400C2D938 /* MKitDemoApiInfo.swift in Sources */ = {isa = PBXBuildFile; fileRef = 3FC9DF3E1CBFD6D400C2D938 /* MKitDemoApiInfo.swift */; };
		3FC9DF581CBFD6D400C2D938 /* BaseModel.swift in Sources */ = {isa = PBXBuildFile; fileRef = 3FC9DF401CBFD6D400C2D938 /* BaseModel.swift */; };
		3FC9DF591CBFD6D400C2D938 /* MKDataListModel.swift in Sources */ = {isa = PBXBuildFile; fileRef = 3FC9DF411CBFD6D400C2D938 /* MKDataListModel.swift */; };
		3FC9DF5A1CBFD6D400C2D938 /* MKDataNetworkRequestModel.swift in Sources */ = {isa = PBXBuildFile; fileRef = 3FC9DF421CBFD6D400C2D938 /* MKDataNetworkRequestModel.swift */; };
		3FC9DF5B1CBFD6D400C2D938 /* MKDataNetworkImagesTableViewCell.swift in Sources */ = {isa = PBXBuildFile; fileRef = 3FC9DF461CBFD6D400C2D938 /* MKDataNetworkImagesTableViewCell.swift */; };
		3FC9DF5C1CBFD6D400C2D938 /* MKDataNetworkRequestViewController.swift in Sources */ = {isa = PBXBuildFile; fileRef = 3FC9DF481CBFD6D400C2D938 /* MKDataNetworkRequestViewController.swift */; };
		3FC9DF5D1CBFD6D400C2D938 /* MKDataNetworkWithImagesViewController.swift in Sources */ = {isa = PBXBuildFile; fileRef = 3FC9DF491CBFD6D400C2D938 /* MKDataNetworkWithImagesViewController.swift */; };
		3FC9DF5E1CBFD6D400C2D938 /* MKDataViewController.swift in Sources */ = {isa = PBXBuildFile; fileRef = 3FC9DF4A1CBFD6D400C2D938 /* MKDataViewController.swift */; };
		3FC9DF5F1CBFD6D400C2D938 /* MKDataNetworkImagesViewModel.swift in Sources */ = {isa = PBXBuildFile; fileRef = 3FC9DF4C1CBFD6D400C2D938 /* MKDataNetworkImagesViewModel.swift */; };
		3FC9DF601CBFD6D400C2D938 /* MKDataNetworkRequestViewModel.swift in Sources */ = {isa = PBXBuildFile; fileRef = 3FC9DF4D1CBFD6D400C2D938 /* MKDataNetworkRequestViewModel.swift */; };
		3FC9DF611CBFD6D400C2D938 /* MKDataViewModel.swift in Sources */ = {isa = PBXBuildFile; fileRef = 3FC9DF4E1CBFD6D400C2D938 /* MKDataViewModel.swift */; };
		3FC9DF621CBFD6D400C2D938 /* BaseListViewController.swift in Sources */ = {isa = PBXBuildFile; fileRef = 3FC9DF501CBFD6D400C2D938 /* BaseListViewController.swift */; };
		3FC9DF631CBFD6D400C2D938 /* BaseListViewModel.swift in Sources */ = {isa = PBXBuildFile; fileRef = 3FC9DF511CBFD6D400C2D938 /* BaseListViewModel.swift */; };
		3FC9DF641CBFD6D400C2D938 /* BaseViewController.swift in Sources */ = {isa = PBXBuildFile; fileRef = 3FC9DF521CBFD6D400C2D938 /* BaseViewController.swift */; };
		3FC9DF651CBFD6D400C2D938 /* BaseViewModel.swift in Sources */ = {isa = PBXBuildFile; fileRef = 3FC9DF531CBFD6D400C2D938 /* BaseViewModel.swift */; };
		464B20328D4CDCC3287BD5AB /* Pods.framework in Frameworks */ = {isa = PBXBuildFile; fileRef = 9C6E7773A590DBCB4DE34491 /* Pods.framework */; };
		692E7370882431AFCD5AF88E /* Pods.framework in Frameworks */ = {isa = PBXBuildFile; fileRef = 9C6E7773A590DBCB4DE34491 /* Pods.framework */; };
/* End PBXBuildFile section */

/* Begin PBXContainerItemProxy section */
		3FC9DF0A1CBFD35900C2D938 /* PBXContainerItemProxy */ = {
			isa = PBXContainerItemProxy;
			containerPortal = 3FC9DEED1CBFD35900C2D938 /* Project object */;
			proxyType = 1;
			remoteGlobalIDString = 3FC9DEF41CBFD35900C2D938;
			remoteInfo = SwiftMKitDemo;
		};
		3FC9DF151CBFD35A00C2D938 /* PBXContainerItemProxy */ = {
			isa = PBXContainerItemProxy;
			containerPortal = 3FC9DEED1CBFD35900C2D938 /* Project object */;
			proxyType = 1;
			remoteGlobalIDString = 3FC9DEF41CBFD35900C2D938;
			remoteInfo = SwiftMKitDemo;
		};
/* End PBXContainerItemProxy section */

/* Begin PBXFileReference section */
		199C65544CEFC546821FD670 /* Pods.debug.xcconfig */ = {isa = PBXFileReference; includeInIndex = 1; lastKnownFileType = text.xcconfig; name = Pods.debug.xcconfig; path = "Pods/Target Support Files/Pods/Pods.debug.xcconfig"; sourceTree = "<group>"; };
		310227F5FBDD439577E6254A /* Pods.release.xcconfig */ = {isa = PBXFileReference; includeInIndex = 1; lastKnownFileType = text.xcconfig; name = Pods.release.xcconfig; path = "Pods/Target Support Files/Pods/Pods.release.xcconfig"; sourceTree = "<group>"; };
		3FC9DEF51CBFD35900C2D938 /* SwiftMKitDemo.app */ = {isa = PBXFileReference; explicitFileType = wrapper.application; includeInIndex = 0; path = SwiftMKitDemo.app; sourceTree = BUILT_PRODUCTS_DIR; };
		3FC9DEF81CBFD35900C2D938 /* AppDelegate.swift */ = {isa = PBXFileReference; lastKnownFileType = sourcecode.swift; path = AppDelegate.swift; sourceTree = "<group>"; };
		3FC9DEFD1CBFD35900C2D938 /* Base */ = {isa = PBXFileReference; lastKnownFileType = file.storyboard; name = Base; path = Base.lproj/Main.storyboard; sourceTree = "<group>"; };
		3FC9DEFF1CBFD35900C2D938 /* Assets.xcassets */ = {isa = PBXFileReference; lastKnownFileType = folder.assetcatalog; path = Assets.xcassets; sourceTree = "<group>"; };
		3FC9DF021CBFD35900C2D938 /* Base */ = {isa = PBXFileReference; lastKnownFileType = file.storyboard; name = Base; path = Base.lproj/LaunchScreen.storyboard; sourceTree = "<group>"; };
		3FC9DF041CBFD35900C2D938 /* Info.plist */ = {isa = PBXFileReference; lastKnownFileType = text.plist.xml; path = Info.plist; sourceTree = "<group>"; };
		3FC9DF091CBFD35900C2D938 /* SwiftMKitDemoTests.xctest */ = {isa = PBXFileReference; explicitFileType = wrapper.cfbundle; includeInIndex = 0; path = SwiftMKitDemoTests.xctest; sourceTree = BUILT_PRODUCTS_DIR; };
		3FC9DF0D1CBFD35900C2D938 /* SwiftMKitDemoTests.swift */ = {isa = PBXFileReference; lastKnownFileType = sourcecode.swift; path = SwiftMKitDemoTests.swift; sourceTree = "<group>"; };
		3FC9DF0F1CBFD35A00C2D938 /* Info.plist */ = {isa = PBXFileReference; lastKnownFileType = text.plist.xml; path = Info.plist; sourceTree = "<group>"; };
		3FC9DF141CBFD35A00C2D938 /* SwiftMKitDemoUITests.xctest */ = {isa = PBXFileReference; explicitFileType = wrapper.cfbundle; includeInIndex = 0; path = SwiftMKitDemoUITests.xctest; sourceTree = BUILT_PRODUCTS_DIR; };
		3FC9DF181CBFD35A00C2D938 /* SwiftMKitDemoUITests.swift */ = {isa = PBXFileReference; lastKnownFileType = sourcecode.swift; path = SwiftMKitDemoUITests.swift; sourceTree = "<group>"; };
		3FC9DF1A1CBFD35A00C2D938 /* Info.plist */ = {isa = PBXFileReference; lastKnownFileType = text.plist.xml; path = Info.plist; sourceTree = "<group>"; };
		3FC9DF281CBFD53A00C2D938 /* NetApiClient.swift */ = {isa = PBXFileReference; fileEncoding = 4; lastKnownFileType = sourcecode.swift; path = NetApiClient.swift; sourceTree = "<group>"; };
		3FC9DF291CBFD53A00C2D938 /* NetApiData.swift */ = {isa = PBXFileReference; fileEncoding = 4; lastKnownFileType = sourcecode.swift; path = NetApiData.swift; sourceTree = "<group>"; };
		3FC9DF2A1CBFD53A00C2D938 /* SwiftMKit.swift */ = {isa = PBXFileReference; fileEncoding = 4; lastKnownFileType = sourcecode.swift; path = SwiftMKit.swift; sourceTree = "<group>"; };
		3FC9DF2D1CBFD53A00C2D938 /* BaseKitViewController.swift */ = {isa = PBXFileReference; fileEncoding = 4; lastKnownFileType = sourcecode.swift; path = BaseKitViewController.swift; sourceTree = "<group>"; };
		3FC9DF2E1CBFD53A00C2D938 /* BaseKitViewModel.swift */ = {isa = PBXFileReference; fileEncoding = 4; lastKnownFileType = sourcecode.swift; path = BaseKitViewModel.swift; sourceTree = "<group>"; };
		3FC9DF2F1CBFD53A00C2D938 /* BaseListKitViewController.swift */ = {isa = PBXFileReference; fileEncoding = 4; lastKnownFileType = sourcecode.swift; path = BaseListKitViewController.swift; sourceTree = "<group>"; };
		3FC9DF301CBFD53A00C2D938 /* BaseListKitViewModel.swift */ = {isa = PBXFileReference; fileEncoding = 4; lastKnownFileType = sourcecode.swift; path = BaseListKitViewModel.swift; sourceTree = "<group>"; };
		3FC9DF391CBFD6D400C2D938 /* GlobalConfig.swift */ = {isa = PBXFileReference; fileEncoding = 4; lastKnownFileType = sourcecode.swift; path = GlobalConfig.swift; sourceTree = "<group>"; };
		3FC9DF3C1CBFD6D400C2D938 /* MKitDemoApiClient.swift */ = {isa = PBXFileReference; fileEncoding = 4; lastKnownFileType = sourcecode.swift; path = MKitDemoApiClient.swift; sourceTree = "<group>"; };
		3FC9DF3D1CBFD6D400C2D938 /* MKitDemoApiData.swift */ = {isa = PBXFileReference; fileEncoding = 4; lastKnownFileType = sourcecode.swift; path = MKitDemoApiData.swift; sourceTree = "<group>"; };
		3FC9DF3E1CBFD6D400C2D938 /* MKitDemoApiInfo.swift */ = {isa = PBXFileReference; fileEncoding = 4; lastKnownFileType = sourcecode.swift; path = MKitDemoApiInfo.swift; sourceTree = "<group>"; };
		3FC9DF401CBFD6D400C2D938 /* BaseModel.swift */ = {isa = PBXFileReference; fileEncoding = 4; lastKnownFileType = sourcecode.swift; path = BaseModel.swift; sourceTree = "<group>"; };
		3FC9DF411CBFD6D400C2D938 /* MKDataListModel.swift */ = {isa = PBXFileReference; fileEncoding = 4; lastKnownFileType = sourcecode.swift; path = MKDataListModel.swift; sourceTree = "<group>"; };
		3FC9DF421CBFD6D400C2D938 /* MKDataNetworkRequestModel.swift */ = {isa = PBXFileReference; fileEncoding = 4; lastKnownFileType = sourcecode.swift; path = MKDataNetworkRequestModel.swift; sourceTree = "<group>"; };
		3FC9DF461CBFD6D400C2D938 /* MKDataNetworkImagesTableViewCell.swift */ = {isa = PBXFileReference; fileEncoding = 4; lastKnownFileType = sourcecode.swift; path = MKDataNetworkImagesTableViewCell.swift; sourceTree = "<group>"; };
		3FC9DF481CBFD6D400C2D938 /* MKDataNetworkRequestViewController.swift */ = {isa = PBXFileReference; fileEncoding = 4; lastKnownFileType = sourcecode.swift; path = MKDataNetworkRequestViewController.swift; sourceTree = "<group>"; };
		3FC9DF491CBFD6D400C2D938 /* MKDataNetworkWithImagesViewController.swift */ = {isa = PBXFileReference; fileEncoding = 4; lastKnownFileType = sourcecode.swift; path = MKDataNetworkWithImagesViewController.swift; sourceTree = "<group>"; };
		3FC9DF4A1CBFD6D400C2D938 /* MKDataViewController.swift */ = {isa = PBXFileReference; fileEncoding = 4; lastKnownFileType = sourcecode.swift; path = MKDataViewController.swift; sourceTree = "<group>"; };
		3FC9DF4C1CBFD6D400C2D938 /* MKDataNetworkImagesViewModel.swift */ = {isa = PBXFileReference; fileEncoding = 4; lastKnownFileType = sourcecode.swift; path = MKDataNetworkImagesViewModel.swift; sourceTree = "<group>"; };
		3FC9DF4D1CBFD6D400C2D938 /* MKDataNetworkRequestViewModel.swift */ = {isa = PBXFileReference; fileEncoding = 4; lastKnownFileType = sourcecode.swift; path = MKDataNetworkRequestViewModel.swift; sourceTree = "<group>"; };
		3FC9DF4E1CBFD6D400C2D938 /* MKDataViewModel.swift */ = {isa = PBXFileReference; fileEncoding = 4; lastKnownFileType = sourcecode.swift; path = MKDataViewModel.swift; sourceTree = "<group>"; };
		3FC9DF501CBFD6D400C2D938 /* BaseListViewController.swift */ = {isa = PBXFileReference; fileEncoding = 4; lastKnownFileType = sourcecode.swift; path = BaseListViewController.swift; sourceTree = "<group>"; };
		3FC9DF511CBFD6D400C2D938 /* BaseListViewModel.swift */ = {isa = PBXFileReference; fileEncoding = 4; lastKnownFileType = sourcecode.swift; path = BaseListViewModel.swift; sourceTree = "<group>"; };
		3FC9DF521CBFD6D400C2D938 /* BaseViewController.swift */ = {isa = PBXFileReference; fileEncoding = 4; lastKnownFileType = sourcecode.swift; path = BaseViewController.swift; sourceTree = "<group>"; };
		3FC9DF531CBFD6D400C2D938 /* BaseViewModel.swift */ = {isa = PBXFileReference; fileEncoding = 4; lastKnownFileType = sourcecode.swift; path = BaseViewModel.swift; sourceTree = "<group>"; };
		9C6E7773A590DBCB4DE34491 /* Pods.framework */ = {isa = PBXFileReference; explicitFileType = wrapper.framework; includeInIndex = 0; path = Pods.framework; sourceTree = BUILT_PRODUCTS_DIR; };
/* End PBXFileReference section */

/* Begin PBXFrameworksBuildPhase section */
		3FC9DEF21CBFD35900C2D938 /* Frameworks */ = {
			isa = PBXFrameworksBuildPhase;
			buildActionMask = 2147483647;
			files = (
			);
			runOnlyForDeploymentPostprocessing = 0;
		};
		3FC9DF061CBFD35900C2D938 /* Frameworks */ = {
			isa = PBXFrameworksBuildPhase;
			buildActionMask = 2147483647;
			files = (
				464B20328D4CDCC3287BD5AB /* Pods.framework in Frameworks */,
			);
			runOnlyForDeploymentPostprocessing = 0;
		};
		3FC9DF111CBFD35A00C2D938 /* Frameworks */ = {
			isa = PBXFrameworksBuildPhase;
			buildActionMask = 2147483647;
			files = (
				692E7370882431AFCD5AF88E /* Pods.framework in Frameworks */,
			);
			runOnlyForDeploymentPostprocessing = 0;
		};
/* End PBXFrameworksBuildPhase section */

/* Begin PBXGroup section */
		1564FEC514F879B067F694AA /* Pods */ = {
			isa = PBXGroup;
			children = (
				199C65544CEFC546821FD670 /* Pods.debug.xcconfig */,
				310227F5FBDD439577E6254A /* Pods.release.xcconfig */,
			);
			name = Pods;
			sourceTree = "<group>";
		};
		3FC9DEEC1CBFD35900C2D938 = {
			isa = PBXGroup;
			children = (
				3FC9DF261CBFD53A00C2D938 /* SwiftMKit */,
				3FC9DEF71CBFD35900C2D938 /* SwiftMKitDemo */,
				3FC9DF0C1CBFD35900C2D938 /* SwiftMKitDemoTests */,
				3FC9DF171CBFD35A00C2D938 /* SwiftMKitDemoUITests */,
				3FC9DEF61CBFD35900C2D938 /* Products */,
				1564FEC514F879B067F694AA /* Pods */,
				92606744023F345A76BD07D7 /* Frameworks */,
			);
			sourceTree = "<group>";
		};
		3FC9DEF61CBFD35900C2D938 /* Products */ = {
			isa = PBXGroup;
			children = (
				3FC9DEF51CBFD35900C2D938 /* SwiftMKitDemo.app */,
				3FC9DF091CBFD35900C2D938 /* SwiftMKitDemoTests.xctest */,
				3FC9DF141CBFD35A00C2D938 /* SwiftMKitDemoUITests.xctest */,
			);
			name = Products;
			sourceTree = "<group>";
		};
		3FC9DEF71CBFD35900C2D938 /* SwiftMKitDemo */ = {
			isa = PBXGroup;
			children = (
				3FC9DF381CBFD6D400C2D938 /* Config */,
				3FC9DF3A1CBFD6D400C2D938 /* Data */,
				3FC9DF431CBFD6D400C2D938 /* UI */,
				3FC9DEF81CBFD35900C2D938 /* AppDelegate.swift */,
				3FC9DEFC1CBFD35900C2D938 /* Main.storyboard */,
				3FC9DEFF1CBFD35900C2D938 /* Assets.xcassets */,
				3FC9DF011CBFD35900C2D938 /* LaunchScreen.storyboard */,
				3FC9DF041CBFD35900C2D938 /* Info.plist */,
			);
			path = SwiftMKitDemo;
			sourceTree = "<group>";
		};
		3FC9DF0C1CBFD35900C2D938 /* SwiftMKitDemoTests */ = {
			isa = PBXGroup;
			children = (
				3FC9DF0D1CBFD35900C2D938 /* SwiftMKitDemoTests.swift */,
				3FC9DF0F1CBFD35A00C2D938 /* Info.plist */,
			);
			path = SwiftMKitDemoTests;
			sourceTree = "<group>";
		};
		3FC9DF171CBFD35A00C2D938 /* SwiftMKitDemoUITests */ = {
			isa = PBXGroup;
			children = (
				3FC9DF181CBFD35A00C2D938 /* SwiftMKitDemoUITests.swift */,
				3FC9DF1A1CBFD35A00C2D938 /* Info.plist */,
			);
			path = SwiftMKitDemoUITests;
			sourceTree = "<group>";
		};
		3FC9DF261CBFD53A00C2D938 /* SwiftMKit */ = {
			isa = PBXGroup;
			children = (
				3FC9DF271CBFD53A00C2D938 /* Network */,
				3FC9DF2A1CBFD53A00C2D938 /* SwiftMKit.swift */,
				3FC9DF2B1CBFD53A00C2D938 /* UI */,
			);
			name = SwiftMKit;
			path = ../SwiftMKit;
			sourceTree = "<group>";
		};
		3FC9DF271CBFD53A00C2D938 /* Network */ = {
			isa = PBXGroup;
			children = (
				3FC9DF281CBFD53A00C2D938 /* NetApiClient.swift */,
				3FC9DF291CBFD53A00C2D938 /* NetApiData.swift */,
			);
			path = Network;
			sourceTree = "<group>";
		};
		3FC9DF2B1CBFD53A00C2D938 /* UI */ = {
			isa = PBXGroup;
			children = (
				3FC9DF2C1CBFD53A00C2D938 /* Schema */,
			);
			path = UI;
			sourceTree = "<group>";
		};
		3FC9DF2C1CBFD53A00C2D938 /* Schema */ = {
			isa = PBXGroup;
			children = (
				3FC9DF2D1CBFD53A00C2D938 /* BaseKitViewController.swift */,
				3FC9DF2E1CBFD53A00C2D938 /* BaseKitViewModel.swift */,
				3FC9DF2F1CBFD53A00C2D938 /* BaseListKitViewController.swift */,
				3FC9DF301CBFD53A00C2D938 /* BaseListKitViewModel.swift */,
			);
			path = Schema;
			sourceTree = "<group>";
		};
		3FC9DF381CBFD6D400C2D938 /* Config */ = {
			isa = PBXGroup;
			children = (
				3FC9DF391CBFD6D400C2D938 /* GlobalConfig.swift */,
			);
			path = Config;
			sourceTree = "<group>";
		};
		3FC9DF3A1CBFD6D400C2D938 /* Data */ = {
			isa = PBXGroup;
			children = (
				3FC9DF3B1CBFD6D400C2D938 /* Api */,
				3FC9DF3F1CBFD6D400C2D938 /* Model */,
			);
			path = Data;
			sourceTree = "<group>";
		};
		3FC9DF3B1CBFD6D400C2D938 /* Api */ = {
			isa = PBXGroup;
			children = (
				3FC9DF3C1CBFD6D400C2D938 /* MKitDemoApiClient.swift */,
				3FC9DF3D1CBFD6D400C2D938 /* MKitDemoApiData.swift */,
				3FC9DF3E1CBFD6D400C2D938 /* MKitDemoApiInfo.swift */,
			);
			path = Api;
			sourceTree = "<group>";
		};
		3FC9DF3F1CBFD6D400C2D938 /* Model */ = {
			isa = PBXGroup;
			children = (
				3FC9DF401CBFD6D400C2D938 /* BaseModel.swift */,
				3FC9DF411CBFD6D400C2D938 /* MKDataListModel.swift */,
				3FC9DF421CBFD6D400C2D938 /* MKDataNetworkRequestModel.swift */,
			);
			path = Model;
			sourceTree = "<group>";
		};
		3FC9DF431CBFD6D400C2D938 /* UI */ = {
			isa = PBXGroup;
			children = (
				3FC9DF441CBFD6D400C2D938 /* Data */,
				3FC9DF4F1CBFD6D400C2D938 /* Schema */,
			);
			path = UI;
			sourceTree = "<group>";
		};
		3FC9DF441CBFD6D400C2D938 /* Data */ = {
			isa = PBXGroup;
			children = (
				3FC9DF451CBFD6D400C2D938 /* Cell */,
				3FC9DF471CBFD6D400C2D938 /* View */,
				3FC9DF4B1CBFD6D400C2D938 /* ViewModel */,
			);
			path = Data;
			sourceTree = "<group>";
		};
		3FC9DF451CBFD6D400C2D938 /* Cell */ = {
			isa = PBXGroup;
			children = (
				3FC9DF461CBFD6D400C2D938 /* MKDataNetworkImagesTableViewCell.swift */,
			);
			path = Cell;
			sourceTree = "<group>";
		};
		3FC9DF471CBFD6D400C2D938 /* View */ = {
			isa = PBXGroup;
			children = (
				3FC9DF481CBFD6D400C2D938 /* MKDataNetworkRequestViewController.swift */,
				3FC9DF491CBFD6D400C2D938 /* MKDataNetworkWithImagesViewController.swift */,
				3FC9DF4A1CBFD6D400C2D938 /* MKDataViewController.swift */,
			);
			path = View;
			sourceTree = "<group>";
		};
		3FC9DF4B1CBFD6D400C2D938 /* ViewModel */ = {
			isa = PBXGroup;
			children = (
				3FC9DF4C1CBFD6D400C2D938 /* MKDataNetworkImagesViewModel.swift */,
				3FC9DF4D1CBFD6D400C2D938 /* MKDataNetworkRequestViewModel.swift */,
				3FC9DF4E1CBFD6D400C2D938 /* MKDataViewModel.swift */,
			);
			path = ViewModel;
			sourceTree = "<group>";
		};
		3FC9DF4F1CBFD6D400C2D938 /* Schema */ = {
			isa = PBXGroup;
			children = (
				3FC9DF501CBFD6D400C2D938 /* BaseListViewController.swift */,
				3FC9DF511CBFD6D400C2D938 /* BaseListViewModel.swift */,
				3FC9DF521CBFD6D400C2D938 /* BaseViewController.swift */,
				3FC9DF531CBFD6D400C2D938 /* BaseViewModel.swift */,
			);
			path = Schema;
			sourceTree = "<group>";
		};
		92606744023F345A76BD07D7 /* Frameworks */ = {
			isa = PBXGroup;
			children = (
				9C6E7773A590DBCB4DE34491 /* Pods.framework */,
			);
			name = Frameworks;
			sourceTree = "<group>";
		};
/* End PBXGroup section */

/* Begin PBXNativeTarget section */
		3FC9DEF41CBFD35900C2D938 /* SwiftMKitDemo */ = {
			isa = PBXNativeTarget;
			buildConfigurationList = 3FC9DF1D1CBFD35A00C2D938 /* Build configuration list for PBXNativeTarget "SwiftMKitDemo" */;
			buildPhases = (
				3FC9DEF11CBFD35900C2D938 /* Sources */,
				3FC9DEF21CBFD35900C2D938 /* Frameworks */,
				3FC9DEF31CBFD35900C2D938 /* Resources */,
			);
			buildRules = (
			);
			dependencies = (
			);
			name = SwiftMKitDemo;
			productName = SwiftMKitDemo;
			productReference = 3FC9DEF51CBFD35900C2D938 /* SwiftMKitDemo.app */;
			productType = "com.apple.product-type.application";
		};
		3FC9DF081CBFD35900C2D938 /* SwiftMKitDemoTests */ = {
			isa = PBXNativeTarget;
			buildConfigurationList = 3FC9DF201CBFD35A00C2D938 /* Build configuration list for PBXNativeTarget "SwiftMKitDemoTests" */;
			buildPhases = (
				09B76908E554998A574A4E8C /* Check Pods Manifest.lock */,
				3FC9DF051CBFD35900C2D938 /* Sources */,
				3FC9DF061CBFD35900C2D938 /* Frameworks */,
				3FC9DF071CBFD35900C2D938 /* Resources */,
				5ACD936D397BF12B6AA4D8A5 /* Embed Pods Frameworks */,
				9CF31CDFBE9AE247AFA678EB /* Copy Pods Resources */,
			);
			buildRules = (
			);
			dependencies = (
				3FC9DF0B1CBFD35900C2D938 /* PBXTargetDependency */,
			);
			name = SwiftMKitDemoTests;
			productName = SwiftMKitDemoTests;
			productReference = 3FC9DF091CBFD35900C2D938 /* SwiftMKitDemoTests.xctest */;
			productType = "com.apple.product-type.bundle.unit-test";
		};
		3FC9DF131CBFD35A00C2D938 /* SwiftMKitDemoUITests */ = {
			isa = PBXNativeTarget;
			buildConfigurationList = 3FC9DF231CBFD35A00C2D938 /* Build configuration list for PBXNativeTarget "SwiftMKitDemoUITests" */;
			buildPhases = (
				6949280C33DADB1D3B07B30E /* Check Pods Manifest.lock */,
				3FC9DF101CBFD35A00C2D938 /* Sources */,
				3FC9DF111CBFD35A00C2D938 /* Frameworks */,
				3FC9DF121CBFD35A00C2D938 /* Resources */,
				B7B4E49122B4F9ACF9867BB5 /* Copy Pods Resources */,
			);
			buildRules = (
			);
			dependencies = (
				3FC9DF161CBFD35A00C2D938 /* PBXTargetDependency */,
			);
			name = SwiftMKitDemoUITests;
			productName = SwiftMKitDemoUITests;
			productReference = 3FC9DF141CBFD35A00C2D938 /* SwiftMKitDemoUITests.xctest */;
			productType = "com.apple.product-type.bundle.ui-testing";
		};
/* End PBXNativeTarget section */

/* Begin PBXProject section */
		3FC9DEED1CBFD35900C2D938 /* Project object */ = {
			isa = PBXProject;
			attributes = {
				LastSwiftUpdateCheck = 0730;
				LastUpgradeCheck = 0730;
				ORGANIZATIONNAME = cdts;
				TargetAttributes = {
					3FC9DEF41CBFD35900C2D938 = {
						CreatedOnToolsVersion = 7.3;
					};
					3FC9DF081CBFD35900C2D938 = {
						CreatedOnToolsVersion = 7.3;
						TestTargetID = 3FC9DEF41CBFD35900C2D938;
					};
					3FC9DF131CBFD35A00C2D938 = {
						CreatedOnToolsVersion = 7.3;
						TestTargetID = 3FC9DEF41CBFD35900C2D938;
					};
				};
			};
			buildConfigurationList = 3FC9DEF01CBFD35900C2D938 /* Build configuration list for PBXProject "SwiftMKitDemo" */;
			compatibilityVersion = "Xcode 3.2";
			developmentRegion = English;
			hasScannedForEncodings = 0;
			knownRegions = (
				en,
				Base,
			);
			mainGroup = 3FC9DEEC1CBFD35900C2D938;
			productRefGroup = 3FC9DEF61CBFD35900C2D938 /* Products */;
			projectDirPath = "";
			projectRoot = "";
			targets = (
				3FC9DEF41CBFD35900C2D938 /* SwiftMKitDemo */,
				3FC9DF081CBFD35900C2D938 /* SwiftMKitDemoTests */,
				3FC9DF131CBFD35A00C2D938 /* SwiftMKitDemoUITests */,
			);
		};
/* End PBXProject section */

/* Begin PBXResourcesBuildPhase section */
		3FC9DEF31CBFD35900C2D938 /* Resources */ = {
			isa = PBXResourcesBuildPhase;
			buildActionMask = 2147483647;
			files = (
				3FC9DF031CBFD35900C2D938 /* LaunchScreen.storyboard in Resources */,
				3FC9DF001CBFD35900C2D938 /* Assets.xcassets in Resources */,
				3FC9DEFE1CBFD35900C2D938 /* Main.storyboard in Resources */,
			);
			runOnlyForDeploymentPostprocessing = 0;
		};
		3FC9DF071CBFD35900C2D938 /* Resources */ = {
			isa = PBXResourcesBuildPhase;
			buildActionMask = 2147483647;
			files = (
			);
			runOnlyForDeploymentPostprocessing = 0;
		};
		3FC9DF121CBFD35A00C2D938 /* Resources */ = {
			isa = PBXResourcesBuildPhase;
			buildActionMask = 2147483647;
			files = (
			);
			runOnlyForDeploymentPostprocessing = 0;
		};
/* End PBXResourcesBuildPhase section */

/* Begin PBXShellScriptBuildPhase section */
		09B76908E554998A574A4E8C /* Check Pods Manifest.lock */ = {
			isa = PBXShellScriptBuildPhase;
			buildActionMask = 2147483647;
			files = (
			);
			inputPaths = (
			);
			name = "Check Pods Manifest.lock";
			outputPaths = (
			);
			runOnlyForDeploymentPostprocessing = 0;
			shellPath = /bin/sh;
			shellScript = "diff \"${PODS_ROOT}/../Podfile.lock\" \"${PODS_ROOT}/Manifest.lock\" > /dev/null\nif [[ $? != 0 ]] ; then\n    cat << EOM\nerror: The sandbox is not in sync with the Podfile.lock. Run 'pod install' or update your CocoaPods installation.\nEOM\n    exit 1\nfi\n";
			showEnvVarsInLog = 0;
		};
		5ACD936D397BF12B6AA4D8A5 /* Embed Pods Frameworks */ = {
			isa = PBXShellScriptBuildPhase;
			buildActionMask = 2147483647;
			files = (
			);
			inputPaths = (
			);
			name = "Embed Pods Frameworks";
			outputPaths = (
			);
			runOnlyForDeploymentPostprocessing = 0;
			shellPath = /bin/sh;
			shellScript = "\"${SRCROOT}/Pods/Target Support Files/Pods/Pods-frameworks.sh\"\n";
			showEnvVarsInLog = 0;
		};
		6949280C33DADB1D3B07B30E /* Check Pods Manifest.lock */ = {
			isa = PBXShellScriptBuildPhase;
			buildActionMask = 2147483647;
			files = (
			);
			inputPaths = (
			);
			name = "Check Pods Manifest.lock";
			outputPaths = (
			);
			runOnlyForDeploymentPostprocessing = 0;
			shellPath = /bin/sh;
			shellScript = "diff \"${PODS_ROOT}/../Podfile.lock\" \"${PODS_ROOT}/Manifest.lock\" > /dev/null\nif [[ $? != 0 ]] ; then\n    cat << EOM\nerror: The sandbox is not in sync with the Podfile.lock. Run 'pod install' or update your CocoaPods installation.\nEOM\n    exit 1\nfi\n";
			showEnvVarsInLog = 0;
		};
		9CF31CDFBE9AE247AFA678EB /* Copy Pods Resources */ = {
			isa = PBXShellScriptBuildPhase;
			buildActionMask = 2147483647;
			files = (
			);
			inputPaths = (
			);
			name = "Copy Pods Resources";
			outputPaths = (
			);
			runOnlyForDeploymentPostprocessing = 0;
			shellPath = /bin/sh;
			shellScript = "\"${SRCROOT}/Pods/Target Support Files/Pods/Pods-resources.sh\"\n";
			showEnvVarsInLog = 0;
		};
		B7B4E49122B4F9ACF9867BB5 /* Copy Pods Resources */ = {
			isa = PBXShellScriptBuildPhase;
			buildActionMask = 2147483647;
			files = (
			);
			inputPaths = (
			);
			name = "Copy Pods Resources";
			outputPaths = (
			);
			runOnlyForDeploymentPostprocessing = 0;
			shellPath = /bin/sh;
			shellScript = "\"${SRCROOT}/Pods/Target Support Files/Pods/Pods-resources.sh\"\n";
			showEnvVarsInLog = 0;
		};
/* End PBXShellScriptBuildPhase section */

/* Begin PBXSourcesBuildPhase section */
		3FC9DEF11CBFD35900C2D938 /* Sources */ = {
			isa = PBXSourcesBuildPhase;
			buildActionMask = 2147483647;
			files = (
				3FC9DF5B1CBFD6D400C2D938 /* MKDataNetworkImagesTableViewCell.swift in Sources */,
				3FC9DF5C1CBFD6D400C2D938 /* MKDataNetworkRequestViewController.swift in Sources */,
				3FC9DF5A1CBFD6D400C2D938 /* MKDataNetworkRequestModel.swift in Sources */,
				3FC9DF361CBFD53A00C2D938 /* BaseListKitViewController.swift in Sources */,
				3FC9DF351CBFD53A00C2D938 /* BaseKitViewModel.swift in Sources */,
				3FC9DF651CBFD6D400C2D938 /* BaseViewModel.swift in Sources */,
				3FC9DF581CBFD6D400C2D938 /* BaseModel.swift in Sources */,
				3FC9DF341CBFD53A00C2D938 /* BaseKitViewController.swift in Sources */,
				3FC9DF311CBFD53A00C2D938 /* NetApiClient.swift in Sources */,
				3FC9DF591CBFD6D400C2D938 /* MKDataListModel.swift in Sources */,
				3FC9DF541CBFD6D400C2D938 /* GlobalConfig.swift in Sources */,
				3FC9DF5E1CBFD6D400C2D938 /* MKDataViewController.swift in Sources */,
				3FC9DF321CBFD53A00C2D938 /* NetApiData.swift in Sources */,
				3FC9DF641CBFD6D400C2D938 /* BaseViewController.swift in Sources */,
				3FC9DF621CBFD6D400C2D938 /* BaseListViewController.swift in Sources */,
				3FC9DF571CBFD6D400C2D938 /* MKitDemoApiInfo.swift in Sources */,
				3FC9DF551CBFD6D400C2D938 /* MKitDemoApiClient.swift in Sources */,
				3FC9DF5D1CBFD6D400C2D938 /* MKDataNetworkWithImagesViewController.swift in Sources */,
				3FC9DF611CBFD6D400C2D938 /* MKDataViewModel.swift in Sources */,
				3FC9DF371CBFD53A00C2D938 /* BaseListKitViewModel.swift in Sources */,
				3FC9DF601CBFD6D400C2D938 /* MKDataNetworkRequestViewModel.swift in Sources */,
				3FC9DF5F1CBFD6D400C2D938 /* MKDataNetworkImagesViewModel.swift in Sources */,
				3FC9DF331CBFD53A00C2D938 /* SwiftMKit.swift in Sources */,
				3FC9DF561CBFD6D400C2D938 /* MKitDemoApiData.swift in Sources */,
				3FC9DF631CBFD6D400C2D938 /* BaseListViewModel.swift in Sources */,
				3FC9DEF91CBFD35900C2D938 /* AppDelegate.swift in Sources */,
			);
			runOnlyForDeploymentPostprocessing = 0;
		};
		3FC9DF051CBFD35900C2D938 /* Sources */ = {
			isa = PBXSourcesBuildPhase;
			buildActionMask = 2147483647;
			files = (
				3FC9DF0E1CBFD35900C2D938 /* SwiftMKitDemoTests.swift in Sources */,
			);
			runOnlyForDeploymentPostprocessing = 0;
		};
		3FC9DF101CBFD35A00C2D938 /* Sources */ = {
			isa = PBXSourcesBuildPhase;
			buildActionMask = 2147483647;
			files = (
				3FC9DF191CBFD35A00C2D938 /* SwiftMKitDemoUITests.swift in Sources */,
			);
			runOnlyForDeploymentPostprocessing = 0;
		};
/* End PBXSourcesBuildPhase section */

/* Begin PBXTargetDependency section */
		3FC9DF0B1CBFD35900C2D938 /* PBXTargetDependency */ = {
			isa = PBXTargetDependency;
			target = 3FC9DEF41CBFD35900C2D938 /* SwiftMKitDemo */;
			targetProxy = 3FC9DF0A1CBFD35900C2D938 /* PBXContainerItemProxy */;
		};
		3FC9DF161CBFD35A00C2D938 /* PBXTargetDependency */ = {
			isa = PBXTargetDependency;
			target = 3FC9DEF41CBFD35900C2D938 /* SwiftMKitDemo */;
			targetProxy = 3FC9DF151CBFD35A00C2D938 /* PBXContainerItemProxy */;
		};
/* End PBXTargetDependency section */

/* Begin PBXVariantGroup section */
		3FC9DEFC1CBFD35900C2D938 /* Main.storyboard */ = {
			isa = PBXVariantGroup;
			children = (
				3FC9DEFD1CBFD35900C2D938 /* Base */,
			);
			name = Main.storyboard;
			sourceTree = "<group>";
		};
		3FC9DF011CBFD35900C2D938 /* LaunchScreen.storyboard */ = {
			isa = PBXVariantGroup;
			children = (
				3FC9DF021CBFD35900C2D938 /* Base */,
			);
			name = LaunchScreen.storyboard;
			sourceTree = "<group>";
		};
/* End PBXVariantGroup section */

/* Begin XCBuildConfiguration section */
		3FC9DF1B1CBFD35A00C2D938 /* Debug */ = {
			isa = XCBuildConfiguration;
			buildSettings = {
				ALWAYS_SEARCH_USER_PATHS = NO;
				CLANG_ANALYZER_NONNULL = YES;
				CLANG_CXX_LANGUAGE_STANDARD = "gnu++0x";
				CLANG_CXX_LIBRARY = "libc++";
				CLANG_ENABLE_MODULES = YES;
				CLANG_ENABLE_OBJC_ARC = YES;
				CLANG_WARN_BOOL_CONVERSION = YES;
				CLANG_WARN_CONSTANT_CONVERSION = YES;
				CLANG_WARN_DIRECT_OBJC_ISA_USAGE = YES_ERROR;
				CLANG_WARN_EMPTY_BODY = YES;
				CLANG_WARN_ENUM_CONVERSION = YES;
				CLANG_WARN_INT_CONVERSION = YES;
				CLANG_WARN_OBJC_ROOT_CLASS = YES_ERROR;
				CLANG_WARN_UNREACHABLE_CODE = YES;
				CLANG_WARN__DUPLICATE_METHOD_MATCH = YES;
				"CODE_SIGN_IDENTITY[sdk=iphoneos*]" = "iPhone Developer";
				COPY_PHASE_STRIP = NO;
				DEBUG_INFORMATION_FORMAT = dwarf;
				ENABLE_STRICT_OBJC_MSGSEND = YES;
				ENABLE_TESTABILITY = YES;
				GCC_C_LANGUAGE_STANDARD = gnu99;
				GCC_DYNAMIC_NO_PIC = NO;
				GCC_NO_COMMON_BLOCKS = YES;
				GCC_OPTIMIZATION_LEVEL = 0;
				GCC_PREPROCESSOR_DEFINITIONS = (
					"DEBUG=1",
					"$(inherited)",
				);
				GCC_WARN_64_TO_32_BIT_CONVERSION = YES;
				GCC_WARN_ABOUT_RETURN_TYPE = YES_ERROR;
				GCC_WARN_UNDECLARED_SELECTOR = YES;
				GCC_WARN_UNINITIALIZED_AUTOS = YES_AGGRESSIVE;
				GCC_WARN_UNUSED_FUNCTION = YES;
				GCC_WARN_UNUSED_VARIABLE = YES;
				IPHONEOS_DEPLOYMENT_TARGET = 9.3;
				MTL_ENABLE_DEBUG_INFO = YES;
				ONLY_ACTIVE_ARCH = YES;
				SDKROOT = iphoneos;
				SWIFT_OPTIMIZATION_LEVEL = "-Onone";
			};
			name = Debug;
		};
		3FC9DF1C1CBFD35A00C2D938 /* Release */ = {
			isa = XCBuildConfiguration;
			buildSettings = {
				ALWAYS_SEARCH_USER_PATHS = NO;
				CLANG_ANALYZER_NONNULL = YES;
				CLANG_CXX_LANGUAGE_STANDARD = "gnu++0x";
				CLANG_CXX_LIBRARY = "libc++";
				CLANG_ENABLE_MODULES = YES;
				CLANG_ENABLE_OBJC_ARC = YES;
				CLANG_WARN_BOOL_CONVERSION = YES;
				CLANG_WARN_CONSTANT_CONVERSION = YES;
				CLANG_WARN_DIRECT_OBJC_ISA_USAGE = YES_ERROR;
				CLANG_WARN_EMPTY_BODY = YES;
				CLANG_WARN_ENUM_CONVERSION = YES;
				CLANG_WARN_INT_CONVERSION = YES;
				CLANG_WARN_OBJC_ROOT_CLASS = YES_ERROR;
				CLANG_WARN_UNREACHABLE_CODE = YES;
				CLANG_WARN__DUPLICATE_METHOD_MATCH = YES;
				"CODE_SIGN_IDENTITY[sdk=iphoneos*]" = "iPhone Developer";
				COPY_PHASE_STRIP = NO;
				DEBUG_INFORMATION_FORMAT = "dwarf-with-dsym";
				ENABLE_NS_ASSERTIONS = NO;
				ENABLE_STRICT_OBJC_MSGSEND = YES;
				GCC_C_LANGUAGE_STANDARD = gnu99;
				GCC_NO_COMMON_BLOCKS = YES;
				GCC_WARN_64_TO_32_BIT_CONVERSION = YES;
				GCC_WARN_ABOUT_RETURN_TYPE = YES_ERROR;
				GCC_WARN_UNDECLARED_SELECTOR = YES;
				GCC_WARN_UNINITIALIZED_AUTOS = YES_AGGRESSIVE;
				GCC_WARN_UNUSED_FUNCTION = YES;
				GCC_WARN_UNUSED_VARIABLE = YES;
				IPHONEOS_DEPLOYMENT_TARGET = 9.3;
				MTL_ENABLE_DEBUG_INFO = NO;
				SDKROOT = iphoneos;
				VALIDATE_PRODUCT = YES;
			};
			name = Release;
		};
		3FC9DF1E1CBFD35A00C2D938 /* Debug */ = {
			isa = XCBuildConfiguration;
			buildSettings = {
				ASSETCATALOG_COMPILER_APPICON_NAME = AppIcon;
				INFOPLIST_FILE = SwiftMKitDemo/Info.plist;
				LD_RUNPATH_SEARCH_PATHS = "$(inherited) @executable_path/Frameworks";
				PRODUCT_BUNDLE_IDENTIFIER = com.cdts.SwiftMKitDemo;
				PRODUCT_NAME = "$(TARGET_NAME)";
			};
			name = Debug;
		};
		3FC9DF1F1CBFD35A00C2D938 /* Release */ = {
			isa = XCBuildConfiguration;
			buildSettings = {
				ASSETCATALOG_COMPILER_APPICON_NAME = AppIcon;
				INFOPLIST_FILE = SwiftMKitDemo/Info.plist;
				LD_RUNPATH_SEARCH_PATHS = "$(inherited) @executable_path/Frameworks";
				PRODUCT_BUNDLE_IDENTIFIER = com.cdts.SwiftMKitDemo;
				PRODUCT_NAME = "$(TARGET_NAME)";
			};
			name = Release;
		};
		3FC9DF211CBFD35A00C2D938 /* Debug */ = {
			isa = XCBuildConfiguration;
			baseConfigurationReference = 199C65544CEFC546821FD670 /* Pods.debug.xcconfig */;
			buildSettings = {
				BUNDLE_LOADER = "$(TEST_HOST)";
				INFOPLIST_FILE = SwiftMKitDemoTests/Info.plist;
				LD_RUNPATH_SEARCH_PATHS = "$(inherited) @executable_path/Frameworks @loader_path/Frameworks";
				PRODUCT_BUNDLE_IDENTIFIER = com.cdts.SwiftMKitDemoTests;
				PRODUCT_NAME = "$(TARGET_NAME)";
				TEST_HOST = "$(BUILT_PRODUCTS_DIR)/SwiftMKitDemo.app/SwiftMKitDemo";
			};
			name = Debug;
		};
		3FC9DF221CBFD35A00C2D938 /* Release */ = {
			isa = XCBuildConfiguration;
			baseConfigurationReference = 310227F5FBDD439577E6254A /* Pods.release.xcconfig */;
			buildSettings = {
				BUNDLE_LOADER = "$(TEST_HOST)";
				INFOPLIST_FILE = SwiftMKitDemoTests/Info.plist;
				LD_RUNPATH_SEARCH_PATHS = "$(inherited) @executable_path/Frameworks @loader_path/Frameworks";
				PRODUCT_BUNDLE_IDENTIFIER = com.cdts.SwiftMKitDemoTests;
				PRODUCT_NAME = "$(TARGET_NAME)";
				TEST_HOST = "$(BUILT_PRODUCTS_DIR)/SwiftMKitDemo.app/SwiftMKitDemo";
			};
			name = Release;
		};
		3FC9DF241CBFD35A00C2D938 /* Debug */ = {
			isa = XCBuildConfiguration;
			baseConfigurationReference = 199C65544CEFC546821FD670 /* Pods.debug.xcconfig */;
			buildSettings = {
				INFOPLIST_FILE = SwiftMKitDemoUITests/Info.plist;
				LD_RUNPATH_SEARCH_PATHS = "$(inherited) @executable_path/Frameworks @loader_path/Frameworks";
				PRODUCT_BUNDLE_IDENTIFIER = com.cdts.SwiftMKitDemoUITests;
				PRODUCT_NAME = "$(TARGET_NAME)";
				TEST_TARGET_NAME = SwiftMKitDemo;
			};
			name = Debug;
		};
		3FC9DF251CBFD35A00C2D938 /* Release */ = {
			isa = XCBuildConfiguration;
			baseConfigurationReference = 310227F5FBDD439577E6254A /* Pods.release.xcconfig */;
			buildSettings = {
				INFOPLIST_FILE = SwiftMKitDemoUITests/Info.plist;
				LD_RUNPATH_SEARCH_PATHS = "$(inherited) @executable_path/Frameworks @loader_path/Frameworks";
				PRODUCT_BUNDLE_IDENTIFIER = com.cdts.SwiftMKitDemoUITests;
				PRODUCT_NAME = "$(TARGET_NAME)";
				TEST_TARGET_NAME = SwiftMKitDemo;
			};
			name = Release;
		};
/* End XCBuildConfiguration section */

/* Begin XCConfigurationList section */
		3FC9DEF01CBFD35900C2D938 /* Build configuration list for PBXProject "SwiftMKitDemo" */ = {
			isa = XCConfigurationList;
			buildConfigurations = (
				3FC9DF1B1CBFD35A00C2D938 /* Debug */,
				3FC9DF1C1CBFD35A00C2D938 /* Release */,
			);
			defaultConfigurationIsVisible = 0;
			defaultConfigurationName = Release;
		};
		3FC9DF1D1CBFD35A00C2D938 /* Build configuration list for PBXNativeTarget "SwiftMKitDemo" */ = {
			isa = XCConfigurationList;
			buildConfigurations = (
				3FC9DF1E1CBFD35A00C2D938 /* Debug */,
				3FC9DF1F1CBFD35A00C2D938 /* Release */,
			);
			defaultConfigurationIsVisible = 0;
			defaultConfigurationName = Release;
		};
		3FC9DF201CBFD35A00C2D938 /* Build configuration list for PBXNativeTarget "SwiftMKitDemoTests" */ = {
			isa = XCConfigurationList;
			buildConfigurations = (
				3FC9DF211CBFD35A00C2D938 /* Debug */,
				3FC9DF221CBFD35A00C2D938 /* Release */,
			);
			defaultConfigurationIsVisible = 0;
			defaultConfigurationName = Release;
		};
		3FC9DF231CBFD35A00C2D938 /* Build configuration list for PBXNativeTarget "SwiftMKitDemoUITests" */ = {
			isa = XCConfigurationList;
			buildConfigurations = (
				3FC9DF241CBFD35A00C2D938 /* Debug */,
				3FC9DF251CBFD35A00C2D938 /* Release */,
			);
			defaultConfigurationIsVisible = 0;
			defaultConfigurationName = Release;
		};
/* End XCConfigurationList section */
	};
	rootObject = 3FC9DEED1CBFD35900C2D938 /* Project object */;
}
