// !$*UTF8*$!
{
	archiveVersion = 1;
	classes = {
	};
	objectVersion = 46;
	objects = {

/* Begin PBXBuildFile section */
		034FB8891CD1B1B900E90738 /* NSTimeIntervalTests.swift in Sources */ = {isa = PBXBuildFile; fileRef = 034FB8881CD1B1B900E90738 /* NSTimeIntervalTests.swift */; };
		034FB88C1CD1EC2F00E90738 /* EquatableTuples.swift in Sources */ = {isa = PBXBuildFile; fileRef = 034FB88B1CD1EC2F00E90738 /* EquatableTuples.swift */; };
		03CC0D761CD204EE00D234FF /* DDLog+Extension.swift in Sources */ = {isa = PBXBuildFile; fileRef = 03CC0D751CD204EE00D234FF /* DDLog+Extension.swift */; };
		03CC0D781CD211F300D234FF /* CollectionTypeTests.swift in Sources */ = {isa = PBXBuildFile; fileRef = 03CC0D771CD211F300D234FF /* CollectionTypeTests.swift */; };
		18C208591CC862D800569F42 /* SingleReqViewController.swift in Sources */ = {isa = PBXBuildFile; fileRef = 18C208581CC862D800569F42 /* SingleReqViewController.swift */; };
		18C2085B1CC862FC00569F42 /* MergeReqViewController.swift in Sources */ = {isa = PBXBuildFile; fileRef = 18C2085A1CC862FC00569F42 /* MergeReqViewController.swift */; };
		18C2085D1CC8631300569F42 /* ComLatestReqViewController.swift in Sources */ = {isa = PBXBuildFile; fileRef = 18C2085C1CC8631300569F42 /* ComLatestReqViewController.swift */; };
		18C2085F1CC8634000569F42 /* ComLatestReqViewModel.swift in Sources */ = {isa = PBXBuildFile; fileRef = 18C2085E1CC8634000569F42 /* ComLatestReqViewModel.swift */; };
		18C208611CC8635400569F42 /* MergeReqViewModel.swift in Sources */ = {isa = PBXBuildFile; fileRef = 18C208601CC8635400569F42 /* MergeReqViewModel.swift */; };
		18C208631CC8636400569F42 /* SingleReqViewModel.swift in Sources */ = {isa = PBXBuildFile; fileRef = 18C208621CC8636400569F42 /* SingleReqViewModel.swift */; };
		18C208651CC878DC00569F42 /* BuDeJieModel.swift in Sources */ = {isa = PBXBuildFile; fileRef = 18C208641CC878DC00569F42 /* BuDeJieModel.swift */; };
		18E184E41CC48B2500F14923 /* BaseKitModel.swift in Sources */ = {isa = PBXBuildFile; fileRef = 18E184E31CC48B2500F14923 /* BaseKitModel.swift */; };
		27276C041CC71F640028E938 /* NSLayoutConstraint+Extension.swift in Sources */ = {isa = PBXBuildFile; fileRef = 27276C031CC71F640028E938 /* NSLayoutConstraint+Extension.swift */; };
		27276C0B1CC748D60028E938 /* ImageParser.swift in Sources */ = {isa = PBXBuildFile; fileRef = 27276C071CC748D60028E938 /* ImageParser.swift */; };
		27276C0C1CC748D60028E938 /* ImageScout.swift in Sources */ = {isa = PBXBuildFile; fileRef = 27276C081CC748D60028E938 /* ImageScout.swift */; };
		27276C0D1CC748D60028E938 /* ScoutOperation.swift in Sources */ = {isa = PBXBuildFile; fileRef = 27276C091CC748D60028E938 /* ScoutOperation.swift */; };
		27276C0E1CC748D60028E938 /* SessionDelegate.swift in Sources */ = {isa = PBXBuildFile; fileRef = 27276C0A1CC748D60028E938 /* SessionDelegate.swift */; };
		273ACFA51CC9AD5A00EB341D /* MagicalRecord.framework in Frameworks */ = {isa = PBXBuildFile; fileRef = 273ACFA41CC9AD5A00EB341D /* MagicalRecord.framework */; };
		273ACFA61CC9AD5A00EB341D /* MagicalRecord.framework in Embed Frameworks */ = {isa = PBXBuildFile; fileRef = 273ACFA41CC9AD5A00EB341D /* MagicalRecord.framework */; settings = {ATTRIBUTES = (CodeSignOnCopy, RemoveHeadersOnCopy, ); }; };
		273ACFA81CC9AD5A00EB341D /* MJExtension.framework in Frameworks */ = {isa = PBXBuildFile; fileRef = 273ACFA71CC9AD5A00EB341D /* MJExtension.framework */; };
		273ACFA91CC9AD5A00EB341D /* MJExtension.framework in Embed Frameworks */ = {isa = PBXBuildFile; fileRef = 273ACFA71CC9AD5A00EB341D /* MJExtension.framework */; settings = {ATTRIBUTES = (CodeSignOnCopy, RemoveHeadersOnCopy, ); }; };
		273ACFAB1CC9AE9600EB341D /* RACTests.swift in Sources */ = {isa = PBXBuildFile; fileRef = 273ACFAA1CC9AE9600EB341D /* RACTests.swift */; };
		273ACFAD1CC9D60600EB341D /* NetError.swift in Sources */ = {isa = PBXBuildFile; fileRef = 273ACFAC1CC9D60600EB341D /* NetError.swift */; };
		273F51A11CC8BF20003ABE4A /* UIViewController+Extension.swift in Sources */ = {isa = PBXBuildFile; fileRef = 273F51A01CC8BF20003ABE4A /* UIViewController+Extension.swift */; };
		273F51AC1CC8CAA1003ABE4A /* HUDProtocol.swift in Sources */ = {isa = PBXBuildFile; fileRef = 273F51AA1CC8CAA1003ABE4A /* HUDProtocol.swift */; };
		273F51AD1CC8CAA1003ABE4A /* MBHUDView.swift in Sources */ = {isa = PBXBuildFile; fileRef = 273F51AB1CC8CAA1003ABE4A /* MBHUDView.swift */; };
		273F51B01CC8CB1A003ABE4A /* IndicatorProtocol.swift in Sources */ = {isa = PBXBuildFile; fileRef = 273F51AF1CC8CB1A003ABE4A /* IndicatorProtocol.swift */; };
		273F51B21CC8CD4E003ABE4A /* TaskIndicator.swift in Sources */ = {isa = PBXBuildFile; fileRef = 273F51B11CC8CD4E003ABE4A /* TaskIndicator.swift */; };
		273F51B41CC8DCFB003ABE4A /* TaskIndicatorList.swift in Sources */ = {isa = PBXBuildFile; fileRef = 273F51B31CC8DCFB003ABE4A /* TaskIndicatorList.swift */; };
		273F51B61CC8E4EE003ABE4A /* NSURLSessionTask+Extension.swift in Sources */ = {isa = PBXBuildFile; fileRef = 273F51B51CC8E4EE003ABE4A /* NSURLSessionTask+Extension.swift */; };
		274113CD1CCDC95600EECE5A /* JsonMapTests.swift in Sources */ = {isa = PBXBuildFile; fileRef = 274113CC1CCDC95600EECE5A /* JsonMapTests.swift */; };
		274316BF1CC8A38000E560EE /* MKDataStoreViewController.swift in Sources */ = {isa = PBXBuildFile; fileRef = 274316BE1CC8A38000E560EE /* MKDataStoreViewController.swift */; };
		274316C11CC8A3BA00E560EE /* MKDataStoreViewModel.swift in Sources */ = {isa = PBXBuildFile; fileRef = 274316C01CC8A3BA00E560EE /* MKDataStoreViewModel.swift */; };
		274316C31CC8A6F300E560EE /* MKDataNetworkRequestTableViewCell.xib in Resources */ = {isa = PBXBuildFile; fileRef = 274316C21CC8A6F300E560EE /* MKDataNetworkRequestTableViewCell.xib */; };
		2778BA711CCF3B01009B926C /* CachePool.swift in Sources */ = {isa = PBXBuildFile; fileRef = 2778BA701CCF3B01009B926C /* CachePool.swift */; };
		2783E0071CC89E74007247F6 /* NSObject+Extension.swift in Sources */ = {isa = PBXBuildFile; fileRef = 2783E0061CC89E74007247F6 /* NSObject+Extension.swift */; };
		278937F61CD0A5CC00F43699 /* BaseEntity+CoreDataProperties.swift in Sources */ = {isa = PBXBuildFile; fileRef = 278937EA1CD0A5CC00F43699 /* BaseEntity+CoreDataProperties.swift */; };
		278937F71CD0A5CC00F43699 /* BaseEntity.swift in Sources */ = {isa = PBXBuildFile; fileRef = 278937EB1CD0A5CC00F43699 /* BaseEntity.swift */; };
		278937F81CD0A5CC00F43699 /* PX500PhotoEntity+CoreDataProperties.swift in Sources */ = {isa = PBXBuildFile; fileRef = 278937EC1CD0A5CC00F43699 /* PX500PhotoEntity+CoreDataProperties.swift */; };
		278937F91CD0A5CC00F43699 /* PX500PhotoEntity.swift in Sources */ = {isa = PBXBuildFile; fileRef = 278937ED1CD0A5CC00F43699 /* PX500PhotoEntity.swift */; };
		278937FA1CD0A5CC00F43699 /* PX500PhotosEntity+CoreDataProperties.swift in Sources */ = {isa = PBXBuildFile; fileRef = 278937EE1CD0A5CC00F43699 /* PX500PhotosEntity+CoreDataProperties.swift */; };
		278937FB1CD0A5CC00F43699 /* PX500PhotosEntity.swift in Sources */ = {isa = PBXBuildFile; fileRef = 278937EF1CD0A5CC00F43699 /* PX500PhotosEntity.swift */; };
		278937FC1CD0A5CC00F43699 /* TestStudentEntity+CoreDataProperties.swift in Sources */ = {isa = PBXBuildFile; fileRef = 278937F01CD0A5CC00F43699 /* TestStudentEntity+CoreDataProperties.swift */; };
		278937FD1CD0A5CC00F43699 /* TestStudentEntity.swift in Sources */ = {isa = PBXBuildFile; fileRef = 278937F11CD0A5CC00F43699 /* TestStudentEntity.swift */; };
		278937FE1CD0A5CC00F43699 /* TestTeacherEntity+CoreDataProperties.swift in Sources */ = {isa = PBXBuildFile; fileRef = 278937F21CD0A5CC00F43699 /* TestTeacherEntity+CoreDataProperties.swift */; };
		278937FF1CD0A5CC00F43699 /* TestTeacherEntity.swift in Sources */ = {isa = PBXBuildFile; fileRef = 278937F31CD0A5CC00F43699 /* TestTeacherEntity.swift */; };
		278938001CD0A5CC00F43699 /* PX500UserEntity+CoreDataProperties.swift in Sources */ = {isa = PBXBuildFile; fileRef = 278937F41CD0A5CC00F43699 /* PX500UserEntity+CoreDataProperties.swift */; };
		278938011CD0A5CC00F43699 /* PX500UserEntity.swift in Sources */ = {isa = PBXBuildFile; fileRef = 278937F51CD0A5CC00F43699 /* PX500UserEntity.swift */; };
		278938051CD0BC3800F43699 /* BaseListFetchKitViewController.swift in Sources */ = {isa = PBXBuildFile; fileRef = 278938041CD0BC3800F43699 /* BaseListFetchKitViewController.swift */; };
		278938071CD0BC7600F43699 /* BaseListFetchKitViewModel.swift in Sources */ = {isa = PBXBuildFile; fileRef = 278938061CD0BC7600F43699 /* BaseListFetchKitViewModel.swift */; };
		278938091CD0CC3500F43699 /* BaseListFetchViewController.swift in Sources */ = {isa = PBXBuildFile; fileRef = 278938081CD0CC3500F43699 /* BaseListFetchViewController.swift */; };
		2789380B1CD0CC4300F43699 /* BaseListFetchViewModel.swift in Sources */ = {isa = PBXBuildFile; fileRef = 2789380A1CD0CC4300F43699 /* BaseListFetchViewModel.swift */; };
		278CAA421CD19849008AC629 /* BaseKitEntity.swift in Sources */ = {isa = PBXBuildFile; fileRef = 278CAA411CD19849008AC629 /* BaseKitEntity.swift */; };
		278CAA461CD1DCBC008AC629 /* JSPatch.framework in Frameworks */ = {isa = PBXBuildFile; fileRef = 278CAA451CD1DCBC008AC629 /* JSPatch.framework */; };
		278CAA471CD1DCBC008AC629 /* JSPatch.framework in Embed Frameworks */ = {isa = PBXBuildFile; fileRef = 278CAA451CD1DCBC008AC629 /* JSPatch.framework */; settings = {ATTRIBUTES = (CodeSignOnCopy, RemoveHeadersOnCopy, ); }; };
		278CAA491CD1DCBC008AC629 /* WebViewJavascriptBridge.framework in Frameworks */ = {isa = PBXBuildFile; fileRef = 278CAA481CD1DCBC008AC629 /* WebViewJavascriptBridge.framework */; };
		278CAA4A1CD1DCBC008AC629 /* WebViewJavascriptBridge.framework in Embed Frameworks */ = {isa = PBXBuildFile; fileRef = 278CAA481CD1DCBC008AC629 /* WebViewJavascriptBridge.framework */; settings = {ATTRIBUTES = (CodeSignOnCopy, RemoveHeadersOnCopy, ); }; };
		278CAA4D1CD1E00A008AC629 /* WebViewBridge.swift in Sources */ = {isa = PBXBuildFile; fileRef = 278CAA4C1CD1E00A008AC629 /* WebViewBridge.swift */; };
		278CAA4F1CD1E6FC008AC629 /* BaseKitWebViewController.swift in Sources */ = {isa = PBXBuildFile; fileRef = 278CAA4E1CD1E6FC008AC629 /* BaseKitWebViewController.swift */; };
		278CAA511CD1E944008AC629 /* SnapKit.framework in Frameworks */ = {isa = PBXBuildFile; fileRef = 278CAA501CD1E944008AC629 /* SnapKit.framework */; };
		278CAA521CD1E944008AC629 /* SnapKit.framework in Embed Frameworks */ = {isa = PBXBuildFile; fileRef = 278CAA501CD1E944008AC629 /* SnapKit.framework */; settings = {ATTRIBUTES = (CodeSignOnCopy, RemoveHeadersOnCopy, ); }; };
		278CAA541CD1F93A008AC629 /* BaseWebViewController.swift in Sources */ = {isa = PBXBuildFile; fileRef = 278CAA531CD1F93A008AC629 /* BaseWebViewController.swift */; };
		278CAA561CD20970008AC629 /* BaseWebViewModel.swift in Sources */ = {isa = PBXBuildFile; fileRef = 278CAA551CD20970008AC629 /* BaseWebViewModel.swift */; };
		279193441CD05C17009B08F3 /* Int+Extension.swift in Sources */ = {isa = PBXBuildFile; fileRef = 279193431CD05C17009B08F3 /* Int+Extension.swift */; };
		279193461CD05C5B009B08F3 /* NSTimeInterval+Extension.swift in Sources */ = {isa = PBXBuildFile; fileRef = 279193451CD05C5B009B08F3 /* NSTimeInterval+Extension.swift */; };
		27959A3C1CD3018900546424 /* BaseWebViewController.xib in Resources */ = {isa = PBXBuildFile; fileRef = 27959A3B1CD3018900546424 /* BaseWebViewController.xib */; };
		27959A3E1CD30BE400546424 /* UITextField+Extension.swift in Sources */ = {isa = PBXBuildFile; fileRef = 27959A3D1CD30BE400546424 /* UITextField+Extension.swift */; };
		279D24FC1CC4D2AB002DD28F /* MKDataNetworkRequestTableViewCell.swift in Sources */ = {isa = PBXBuildFile; fileRef = 279D24FB1CC4D2AB002DD28F /* MKDataNetworkRequestTableViewCell.swift */; };
		27A40F6D1CC5DE890012AF12 /* UIColor+Extension.swift in Sources */ = {isa = PBXBuildFile; fileRef = 27A40F6C1CC5DE890012AF12 /* UIColor+Extension.swift */; };
		27A5B20E1CC86E88005A59CA /* SwiftMKitDemo.xcdatamodeld in Sources */ = {isa = PBXBuildFile; fileRef = 27A5B20C1CC86E88005A59CA /* SwiftMKitDemo.xcdatamodeld */; };
		27BA394D1CC74E2400436D23 /* Async.swift in Sources */ = {isa = PBXBuildFile; fileRef = 27BA394C1CC74E2400436D23 /* Async.swift */; };
		3F0E85361CD0FDFC00A55D1D /* CollectionType+Extension.swift in Sources */ = {isa = PBXBuildFile; fileRef = 3F0E85351CD0FDFC00A55D1D /* CollectionType+Extension.swift */; };
		3F33D38B1CC1F37B0061C5B0 /* NetApiProtocol.swift in Sources */ = {isa = PBXBuildFile; fileRef = 3F33D38A1CC1F37B0061C5B0 /* NetApiProtocol.swift */; };
		3F33D38D1CC203370061C5B0 /* MKitDemoNetApi.swift in Sources */ = {isa = PBXBuildFile; fileRef = 3F33D38C1CC203370061C5B0 /* MKitDemoNetApi.swift */; };
		3F8FEAA41CC274DB00F7EAF3 /* UIApplication+Extension.swift in Sources */ = {isa = PBXBuildFile; fileRef = 3F8FEAA31CC274DB00F7EAF3 /* UIApplication+Extension.swift */; };
		3F9707EF1CC67063002BBC83 /* Alamofire.framework in Frameworks */ = {isa = PBXBuildFile; fileRef = 3F9707EE1CC67063002BBC83 /* Alamofire.framework */; };
		3F9707F01CC67063002BBC83 /* Alamofire.framework in Embed Frameworks */ = {isa = PBXBuildFile; fileRef = 3F9707EE1CC67063002BBC83 /* Alamofire.framework */; settings = {ATTRIBUTES = (CodeSignOnCopy, RemoveHeadersOnCopy, ); }; };
		3F9707F21CC67063002BBC83 /* CocoaLumberjack.framework in Frameworks */ = {isa = PBXBuildFile; fileRef = 3F9707F11CC67063002BBC83 /* CocoaLumberjack.framework */; };
		3F9707F31CC67063002BBC83 /* CocoaLumberjack.framework in Embed Frameworks */ = {isa = PBXBuildFile; fileRef = 3F9707F11CC67063002BBC83 /* CocoaLumberjack.framework */; settings = {ATTRIBUTES = (CodeSignOnCopy, RemoveHeadersOnCopy, ); }; };
		3F9707F51CC67063002BBC83 /* Haneke.framework in Frameworks */ = {isa = PBXBuildFile; fileRef = 3F9707F41CC67063002BBC83 /* Haneke.framework */; };
		3F9707F61CC67063002BBC83 /* Haneke.framework in Embed Frameworks */ = {isa = PBXBuildFile; fileRef = 3F9707F41CC67063002BBC83 /* Haneke.framework */; settings = {ATTRIBUTES = (CodeSignOnCopy, RemoveHeadersOnCopy, ); }; };
		3F9707F81CC67063002BBC83 /* MBProgressHUD.framework in Frameworks */ = {isa = PBXBuildFile; fileRef = 3F9707F71CC67063002BBC83 /* MBProgressHUD.framework */; };
		3F9707F91CC67063002BBC83 /* MBProgressHUD.framework in Embed Frameworks */ = {isa = PBXBuildFile; fileRef = 3F9707F71CC67063002BBC83 /* MBProgressHUD.framework */; settings = {ATTRIBUTES = (CodeSignOnCopy, RemoveHeadersOnCopy, ); }; };
		3F9707FB1CC67063002BBC83 /* MJRefresh.framework in Frameworks */ = {isa = PBXBuildFile; fileRef = 3F9707FA1CC67063002BBC83 /* MJRefresh.framework */; };
		3F9707FC1CC67063002BBC83 /* MJRefresh.framework in Embed Frameworks */ = {isa = PBXBuildFile; fileRef = 3F9707FA1CC67063002BBC83 /* MJRefresh.framework */; settings = {ATTRIBUTES = (CodeSignOnCopy, RemoveHeadersOnCopy, ); }; };
		3F9708011CC67063002BBC83 /* ReactiveCocoa.framework in Frameworks */ = {isa = PBXBuildFile; fileRef = 3F9708001CC67063002BBC83 /* ReactiveCocoa.framework */; };
		3F9708021CC67063002BBC83 /* ReactiveCocoa.framework in Embed Frameworks */ = {isa = PBXBuildFile; fileRef = 3F9708001CC67063002BBC83 /* ReactiveCocoa.framework */; settings = {ATTRIBUTES = (CodeSignOnCopy, RemoveHeadersOnCopy, ); }; };
		3F9708041CC67063002BBC83 /* Result.framework in Frameworks */ = {isa = PBXBuildFile; fileRef = 3F9708031CC67063002BBC83 /* Result.framework */; };
		3F9708051CC67063002BBC83 /* Result.framework in Embed Frameworks */ = {isa = PBXBuildFile; fileRef = 3F9708031CC67063002BBC83 /* Result.framework */; settings = {ATTRIBUTES = (CodeSignOnCopy, RemoveHeadersOnCopy, ); }; };
		3FC77C451CC36A6D002F964B /* Dictionary+Extension.swift in Sources */ = {isa = PBXBuildFile; fileRef = 3FC77C441CC36A6D002F964B /* Dictionary+Extension.swift */; };
		3FC77C471CC36AAE002F964B /* String+Extension.swift in Sources */ = {isa = PBXBuildFile; fileRef = 3FC77C461CC36AAE002F964B /* String+Extension.swift */; };
		3FC9DEF91CBFD35900C2D938 /* AppDelegate.swift in Sources */ = {isa = PBXBuildFile; fileRef = 3FC9DEF81CBFD35900C2D938 /* AppDelegate.swift */; };
		3FC9DEFE1CBFD35900C2D938 /* Main.storyboard in Resources */ = {isa = PBXBuildFile; fileRef = 3FC9DEFC1CBFD35900C2D938 /* Main.storyboard */; };
		3FC9DF001CBFD35900C2D938 /* Assets.xcassets in Resources */ = {isa = PBXBuildFile; fileRef = 3FC9DEFF1CBFD35900C2D938 /* Assets.xcassets */; };
		3FC9DF031CBFD35900C2D938 /* LaunchScreen.storyboard in Resources */ = {isa = PBXBuildFile; fileRef = 3FC9DF011CBFD35900C2D938 /* LaunchScreen.storyboard */; };
		3FC9DF0E1CBFD35900C2D938 /* SwiftMKitDemoTests.swift in Sources */ = {isa = PBXBuildFile; fileRef = 3FC9DF0D1CBFD35900C2D938 /* SwiftMKitDemoTests.swift */; };
		3FC9DF191CBFD35A00C2D938 /* SwiftMKitDemoUITests.swift in Sources */ = {isa = PBXBuildFile; fileRef = 3FC9DF181CBFD35A00C2D938 /* SwiftMKitDemoUITests.swift */; };
		3FC9DF311CBFD53A00C2D938 /* NetApiClient.swift in Sources */ = {isa = PBXBuildFile; fileRef = 3FC9DF281CBFD53A00C2D938 /* NetApiClient.swift */; };
		3FC9DF321CBFD53A00C2D938 /* NetApiData.swift in Sources */ = {isa = PBXBuildFile; fileRef = 3FC9DF291CBFD53A00C2D938 /* NetApiData.swift */; };
		3FC9DF331CBFD53A00C2D938 /* SwiftMKit.swift in Sources */ = {isa = PBXBuildFile; fileRef = 3FC9DF2A1CBFD53A00C2D938 /* SwiftMKit.swift */; };
		3FC9DF341CBFD53A00C2D938 /* BaseKitViewController.swift in Sources */ = {isa = PBXBuildFile; fileRef = 3FC9DF2D1CBFD53A00C2D938 /* BaseKitViewController.swift */; };
		3FC9DF351CBFD53A00C2D938 /* BaseKitViewModel.swift in Sources */ = {isa = PBXBuildFile; fileRef = 3FC9DF2E1CBFD53A00C2D938 /* BaseKitViewModel.swift */; };
		3FC9DF361CBFD53A00C2D938 /* BaseListKitViewController.swift in Sources */ = {isa = PBXBuildFile; fileRef = 3FC9DF2F1CBFD53A00C2D938 /* BaseListKitViewController.swift */; };
		3FC9DF371CBFD53A00C2D938 /* BaseListKitViewModel.swift in Sources */ = {isa = PBXBuildFile; fileRef = 3FC9DF301CBFD53A00C2D938 /* BaseListKitViewModel.swift */; };
		3FC9DF541CBFD6D400C2D938 /* GlobalConfig.swift in Sources */ = {isa = PBXBuildFile; fileRef = 3FC9DF391CBFD6D400C2D938 /* GlobalConfig.swift */; };
		3FC9DF581CBFD6D400C2D938 /* BaseModel.swift in Sources */ = {isa = PBXBuildFile; fileRef = 3FC9DF401CBFD6D400C2D938 /* BaseModel.swift */; };
		3FC9DF591CBFD6D400C2D938 /* MKDataListModel.swift in Sources */ = {isa = PBXBuildFile; fileRef = 3FC9DF411CBFD6D400C2D938 /* MKDataListModel.swift */; };
		3FC9DF5A1CBFD6D400C2D938 /* MKDataNetworkRequestModel.swift in Sources */ = {isa = PBXBuildFile; fileRef = 3FC9DF421CBFD6D400C2D938 /* MKDataNetworkRequestModel.swift */; };
		3FC9DF5B1CBFD6D400C2D938 /* MKDataNetworkImagesTableViewCell.swift in Sources */ = {isa = PBXBuildFile; fileRef = 3FC9DF461CBFD6D400C2D938 /* MKDataNetworkImagesTableViewCell.swift */; };
		3FC9DF5C1CBFD6D400C2D938 /* MKDataNetworkRequestViewController.swift in Sources */ = {isa = PBXBuildFile; fileRef = 3FC9DF481CBFD6D400C2D938 /* MKDataNetworkRequestViewController.swift */; };
		3FC9DF5D1CBFD6D400C2D938 /* MKDataNetworkRequestDetailViewController.swift in Sources */ = {isa = PBXBuildFile; fileRef = 3FC9DF491CBFD6D400C2D938 /* MKDataNetworkRequestDetailViewController.swift */; };
		3FC9DF5E1CBFD6D400C2D938 /* MKDataViewController.swift in Sources */ = {isa = PBXBuildFile; fileRef = 3FC9DF4A1CBFD6D400C2D938 /* MKDataViewController.swift */; };
		3FC9DF5F1CBFD6D400C2D938 /* MKDataNetworkRequestDetailViewModel.swift in Sources */ = {isa = PBXBuildFile; fileRef = 3FC9DF4C1CBFD6D400C2D938 /* MKDataNetworkRequestDetailViewModel.swift */; };
		3FC9DF601CBFD6D400C2D938 /* MKDataNetworkRequestViewModel.swift in Sources */ = {isa = PBXBuildFile; fileRef = 3FC9DF4D1CBFD6D400C2D938 /* MKDataNetworkRequestViewModel.swift */; };
		3FC9DF611CBFD6D400C2D938 /* MKDataViewModel.swift in Sources */ = {isa = PBXBuildFile; fileRef = 3FC9DF4E1CBFD6D400C2D938 /* MKDataViewModel.swift */; };
		3FC9DF621CBFD6D400C2D938 /* BaseListViewController.swift in Sources */ = {isa = PBXBuildFile; fileRef = 3FC9DF501CBFD6D400C2D938 /* BaseListViewController.swift */; };
		3FC9DF631CBFD6D400C2D938 /* BaseListViewModel.swift in Sources */ = {isa = PBXBuildFile; fileRef = 3FC9DF511CBFD6D400C2D938 /* BaseListViewModel.swift */; };
		3FC9DF641CBFD6D400C2D938 /* BaseViewController.swift in Sources */ = {isa = PBXBuildFile; fileRef = 3FC9DF521CBFD6D400C2D938 /* BaseViewController.swift */; };
		3FC9DF651CBFD6D400C2D938 /* BaseViewModel.swift in Sources */ = {isa = PBXBuildFile; fileRef = 3FC9DF531CBFD6D400C2D938 /* BaseViewModel.swift */; };
		C761977685A7F0638A21DF9E /* Pods.framework in Frameworks */ = {isa = PBXBuildFile; fileRef = 1054F8DADC2350EB4A7A137D /* Pods.framework */; };
		E87D7BB47929B60BD485DBE4 /* Pods.framework in Frameworks */ = {isa = PBXBuildFile; fileRef = 1054F8DADC2350EB4A7A137D /* Pods.framework */; };
/* End PBXBuildFile section */

/* Begin PBXContainerItemProxy section */
		3FC9DF0A1CBFD35900C2D938 /* PBXContainerItemProxy */ = {
			isa = PBXContainerItemProxy;
			containerPortal = 3FC9DEED1CBFD35900C2D938 /* Project object */;
			proxyType = 1;
			remoteGlobalIDString = 3FC9DEF41CBFD35900C2D938;
			remoteInfo = SwiftMKitDemo;
		};
		3FC9DF151CBFD35A00C2D938 /* PBXContainerItemProxy */ = {
			isa = PBXContainerItemProxy;
			containerPortal = 3FC9DEED1CBFD35900C2D938 /* Project object */;
			proxyType = 1;
			remoteGlobalIDString = 3FC9DEF41CBFD35900C2D938;
			remoteInfo = SwiftMKitDemo;
		};
/* End PBXContainerItemProxy section */

/* Begin PBXCopyFilesBuildPhase section */
		3F9707D81CC6650B002BBC83 /* Embed Frameworks */ = {
			isa = PBXCopyFilesBuildPhase;
			buildActionMask = 12;
			dstPath = "";
			dstSubfolderSpec = 10;
			files = (
				278CAA471CD1DCBC008AC629 /* JSPatch.framework in Embed Frameworks */,
				273ACFA61CC9AD5A00EB341D /* MagicalRecord.framework in Embed Frameworks */,
				3F9707FC1CC67063002BBC83 /* MJRefresh.framework in Embed Frameworks */,
				278CAA521CD1E944008AC629 /* SnapKit.framework in Embed Frameworks */,
				3F9707F91CC67063002BBC83 /* MBProgressHUD.framework in Embed Frameworks */,
				273ACFA91CC9AD5A00EB341D /* MJExtension.framework in Embed Frameworks */,
				278CAA4A1CD1DCBC008AC629 /* WebViewJavascriptBridge.framework in Embed Frameworks */,
				3F9708051CC67063002BBC83 /* Result.framework in Embed Frameworks */,
				3F9707F31CC67063002BBC83 /* CocoaLumberjack.framework in Embed Frameworks */,
				3F9708021CC67063002BBC83 /* ReactiveCocoa.framework in Embed Frameworks */,
				3F9707F01CC67063002BBC83 /* Alamofire.framework in Embed Frameworks */,
				3F9707F61CC67063002BBC83 /* Haneke.framework in Embed Frameworks */,
			);
			name = "Embed Frameworks";
			runOnlyForDeploymentPostprocessing = 0;
		};
/* End PBXCopyFilesBuildPhase section */

/* Begin PBXFileReference section */
		034FB8881CD1B1B900E90738 /* NSTimeIntervalTests.swift */ = {isa = PBXFileReference; fileEncoding = 4; lastKnownFileType = sourcecode.swift; path = NSTimeIntervalTests.swift; sourceTree = "<group>"; };
		034FB88B1CD1EC2F00E90738 /* EquatableTuples.swift */ = {isa = PBXFileReference; fileEncoding = 4; lastKnownFileType = sourcecode.swift; path = EquatableTuples.swift; sourceTree = "<group>"; };
		03CC0D751CD204EE00D234FF /* DDLog+Extension.swift */ = {isa = PBXFileReference; fileEncoding = 4; lastKnownFileType = sourcecode.swift; path = "DDLog+Extension.swift"; sourceTree = "<group>"; };
		03CC0D771CD211F300D234FF /* CollectionTypeTests.swift */ = {isa = PBXFileReference; fileEncoding = 4; lastKnownFileType = sourcecode.swift; path = CollectionTypeTests.swift; sourceTree = "<group>"; };
		1054F8DADC2350EB4A7A137D /* Pods.framework */ = {isa = PBXFileReference; explicitFileType = wrapper.framework; includeInIndex = 0; path = Pods.framework; sourceTree = BUILT_PRODUCTS_DIR; };
		18C208581CC862D800569F42 /* SingleReqViewController.swift */ = {isa = PBXFileReference; fileEncoding = 4; lastKnownFileType = sourcecode.swift; path = SingleReqViewController.swift; sourceTree = "<group>"; };
		18C2085A1CC862FC00569F42 /* MergeReqViewController.swift */ = {isa = PBXFileReference; fileEncoding = 4; lastKnownFileType = sourcecode.swift; path = MergeReqViewController.swift; sourceTree = "<group>"; };
		18C2085C1CC8631300569F42 /* ComLatestReqViewController.swift */ = {isa = PBXFileReference; fileEncoding = 4; lastKnownFileType = sourcecode.swift; path = ComLatestReqViewController.swift; sourceTree = "<group>"; };
		18C2085E1CC8634000569F42 /* ComLatestReqViewModel.swift */ = {isa = PBXFileReference; fileEncoding = 4; lastKnownFileType = sourcecode.swift; path = ComLatestReqViewModel.swift; sourceTree = "<group>"; };
		18C208601CC8635400569F42 /* MergeReqViewModel.swift */ = {isa = PBXFileReference; fileEncoding = 4; lastKnownFileType = sourcecode.swift; path = MergeReqViewModel.swift; sourceTree = "<group>"; };
		18C208621CC8636400569F42 /* SingleReqViewModel.swift */ = {isa = PBXFileReference; fileEncoding = 4; lastKnownFileType = sourcecode.swift; path = SingleReqViewModel.swift; sourceTree = "<group>"; };
		18C208641CC878DC00569F42 /* BuDeJieModel.swift */ = {isa = PBXFileReference; fileEncoding = 4; lastKnownFileType = sourcecode.swift; path = BuDeJieModel.swift; sourceTree = "<group>"; };
		18E184E31CC48B2500F14923 /* BaseKitModel.swift */ = {isa = PBXFileReference; fileEncoding = 4; lastKnownFileType = sourcecode.swift; path = BaseKitModel.swift; sourceTree = "<group>"; };
		199C65544CEFC546821FD670 /* Pods.debug.xcconfig */ = {isa = PBXFileReference; includeInIndex = 1; lastKnownFileType = text.xcconfig; name = Pods.debug.xcconfig; path = "Pods/Target Support Files/Pods/Pods.debug.xcconfig"; sourceTree = "<group>"; };
		27276C031CC71F640028E938 /* NSLayoutConstraint+Extension.swift */ = {isa = PBXFileReference; fileEncoding = 4; lastKnownFileType = sourcecode.swift; path = "NSLayoutConstraint+Extension.swift"; sourceTree = "<group>"; };
		27276C071CC748D60028E938 /* ImageParser.swift */ = {isa = PBXFileReference; fileEncoding = 4; lastKnownFileType = sourcecode.swift; path = ImageParser.swift; sourceTree = "<group>"; };
		27276C081CC748D60028E938 /* ImageScout.swift */ = {isa = PBXFileReference; fileEncoding = 4; lastKnownFileType = sourcecode.swift; path = ImageScout.swift; sourceTree = "<group>"; };
		27276C091CC748D60028E938 /* ScoutOperation.swift */ = {isa = PBXFileReference; fileEncoding = 4; lastKnownFileType = sourcecode.swift; path = ScoutOperation.swift; sourceTree = "<group>"; };
		27276C0A1CC748D60028E938 /* SessionDelegate.swift */ = {isa = PBXFileReference; fileEncoding = 4; lastKnownFileType = sourcecode.swift; path = SessionDelegate.swift; sourceTree = "<group>"; };
		273ACFA41CC9AD5A00EB341D /* MagicalRecord.framework */ = {isa = PBXFileReference; explicitFileType = wrapper.framework; name = MagicalRecord.framework; path = "../Debug-iphonesimulator/MagicalRecord.framework"; sourceTree = BUILT_PRODUCTS_DIR; };
		273ACFA71CC9AD5A00EB341D /* MJExtension.framework */ = {isa = PBXFileReference; explicitFileType = wrapper.framework; name = MJExtension.framework; path = "../Debug-iphonesimulator/MJExtension.framework"; sourceTree = BUILT_PRODUCTS_DIR; };
		273ACFAA1CC9AE9600EB341D /* RACTests.swift */ = {isa = PBXFileReference; fileEncoding = 4; lastKnownFileType = sourcecode.swift; path = RACTests.swift; sourceTree = "<group>"; };
		273ACFAC1CC9D60600EB341D /* NetError.swift */ = {isa = PBXFileReference; fileEncoding = 4; lastKnownFileType = sourcecode.swift; path = NetError.swift; sourceTree = "<group>"; };
		273F51A01CC8BF20003ABE4A /* UIViewController+Extension.swift */ = {isa = PBXFileReference; fileEncoding = 4; lastKnownFileType = sourcecode.swift; path = "UIViewController+Extension.swift"; sourceTree = "<group>"; };
		273F51AA1CC8CAA1003ABE4A /* HUDProtocol.swift */ = {isa = PBXFileReference; fileEncoding = 4; lastKnownFileType = sourcecode.swift; path = HUDProtocol.swift; sourceTree = "<group>"; };
		273F51AB1CC8CAA1003ABE4A /* MBHUDView.swift */ = {isa = PBXFileReference; fileEncoding = 4; lastKnownFileType = sourcecode.swift; path = MBHUDView.swift; sourceTree = "<group>"; };
		273F51AF1CC8CB1A003ABE4A /* IndicatorProtocol.swift */ = {isa = PBXFileReference; fileEncoding = 4; lastKnownFileType = sourcecode.swift; path = IndicatorProtocol.swift; sourceTree = "<group>"; };
		273F51B11CC8CD4E003ABE4A /* TaskIndicator.swift */ = {isa = PBXFileReference; fileEncoding = 4; lastKnownFileType = sourcecode.swift; path = TaskIndicator.swift; sourceTree = "<group>"; };
		273F51B31CC8DCFB003ABE4A /* TaskIndicatorList.swift */ = {isa = PBXFileReference; fileEncoding = 4; lastKnownFileType = sourcecode.swift; path = TaskIndicatorList.swift; sourceTree = "<group>"; };
		273F51B51CC8E4EE003ABE4A /* NSURLSessionTask+Extension.swift */ = {isa = PBXFileReference; fileEncoding = 4; lastKnownFileType = sourcecode.swift; path = "NSURLSessionTask+Extension.swift"; sourceTree = "<group>"; };
		274113CC1CCDC95600EECE5A /* JsonMapTests.swift */ = {isa = PBXFileReference; fileEncoding = 4; lastKnownFileType = sourcecode.swift; path = JsonMapTests.swift; sourceTree = "<group>"; };
		274316BE1CC8A38000E560EE /* MKDataStoreViewController.swift */ = {isa = PBXFileReference; fileEncoding = 4; lastKnownFileType = sourcecode.swift; path = MKDataStoreViewController.swift; sourceTree = "<group>"; };
		274316C01CC8A3BA00E560EE /* MKDataStoreViewModel.swift */ = {isa = PBXFileReference; fileEncoding = 4; lastKnownFileType = sourcecode.swift; path = MKDataStoreViewModel.swift; sourceTree = "<group>"; };
		274316C21CC8A6F300E560EE /* MKDataNetworkRequestTableViewCell.xib */ = {isa = PBXFileReference; fileEncoding = 4; lastKnownFileType = file.xib; path = MKDataNetworkRequestTableViewCell.xib; sourceTree = "<group>"; };
		2778BA701CCF3B01009B926C /* CachePool.swift */ = {isa = PBXFileReference; fileEncoding = 4; lastKnownFileType = sourcecode.swift; path = CachePool.swift; sourceTree = "<group>"; };
		2783E0061CC89E74007247F6 /* NSObject+Extension.swift */ = {isa = PBXFileReference; fileEncoding = 4; lastKnownFileType = sourcecode.swift; path = "NSObject+Extension.swift"; sourceTree = "<group>"; };
		278937EA1CD0A5CC00F43699 /* BaseEntity+CoreDataProperties.swift */ = {isa = PBXFileReference; fileEncoding = 4; lastKnownFileType = sourcecode.swift; path = "BaseEntity+CoreDataProperties.swift"; sourceTree = "<group>"; };
		278937EB1CD0A5CC00F43699 /* BaseEntity.swift */ = {isa = PBXFileReference; fileEncoding = 4; lastKnownFileType = sourcecode.swift; path = BaseEntity.swift; sourceTree = "<group>"; };
		278937EC1CD0A5CC00F43699 /* PX500PhotoEntity+CoreDataProperties.swift */ = {isa = PBXFileReference; fileEncoding = 4; lastKnownFileType = sourcecode.swift; path = "PX500PhotoEntity+CoreDataProperties.swift"; sourceTree = "<group>"; };
		278937ED1CD0A5CC00F43699 /* PX500PhotoEntity.swift */ = {isa = PBXFileReference; fileEncoding = 4; lastKnownFileType = sourcecode.swift; path = PX500PhotoEntity.swift; sourceTree = "<group>"; };
		278937EE1CD0A5CC00F43699 /* PX500PhotosEntity+CoreDataProperties.swift */ = {isa = PBXFileReference; fileEncoding = 4; lastKnownFileType = sourcecode.swift; path = "PX500PhotosEntity+CoreDataProperties.swift"; sourceTree = "<group>"; };
		278937EF1CD0A5CC00F43699 /* PX500PhotosEntity.swift */ = {isa = PBXFileReference; fileEncoding = 4; lastKnownFileType = sourcecode.swift; path = PX500PhotosEntity.swift; sourceTree = "<group>"; };
		278937F01CD0A5CC00F43699 /* TestStudentEntity+CoreDataProperties.swift */ = {isa = PBXFileReference; fileEncoding = 4; lastKnownFileType = sourcecode.swift; path = "TestStudentEntity+CoreDataProperties.swift"; sourceTree = "<group>"; };
		278937F11CD0A5CC00F43699 /* TestStudentEntity.swift */ = {isa = PBXFileReference; fileEncoding = 4; lastKnownFileType = sourcecode.swift; path = TestStudentEntity.swift; sourceTree = "<group>"; };
		278937F21CD0A5CC00F43699 /* TestTeacherEntity+CoreDataProperties.swift */ = {isa = PBXFileReference; fileEncoding = 4; lastKnownFileType = sourcecode.swift; path = "TestTeacherEntity+CoreDataProperties.swift"; sourceTree = "<group>"; };
		278937F31CD0A5CC00F43699 /* TestTeacherEntity.swift */ = {isa = PBXFileReference; fileEncoding = 4; lastKnownFileType = sourcecode.swift; path = TestTeacherEntity.swift; sourceTree = "<group>"; };
		278937F41CD0A5CC00F43699 /* PX500UserEntity+CoreDataProperties.swift */ = {isa = PBXFileReference; fileEncoding = 4; lastKnownFileType = sourcecode.swift; path = "PX500UserEntity+CoreDataProperties.swift"; sourceTree = "<group>"; };
		278937F51CD0A5CC00F43699 /* PX500UserEntity.swift */ = {isa = PBXFileReference; fileEncoding = 4; lastKnownFileType = sourcecode.swift; path = PX500UserEntity.swift; sourceTree = "<group>"; };
		278938021CD0A82500F43699 /* README.md */ = {isa = PBXFileReference; fileEncoding = 4; lastKnownFileType = net.daringfireball.markdown; name = README.md; path = ../../README.md; sourceTree = "<group>"; };
		278938041CD0BC3800F43699 /* BaseListFetchKitViewController.swift */ = {isa = PBXFileReference; fileEncoding = 4; lastKnownFileType = sourcecode.swift; path = BaseListFetchKitViewController.swift; sourceTree = "<group>"; };
		278938061CD0BC7600F43699 /* BaseListFetchKitViewModel.swift */ = {isa = PBXFileReference; fileEncoding = 4; lastKnownFileType = sourcecode.swift; path = BaseListFetchKitViewModel.swift; sourceTree = "<group>"; };
		278938081CD0CC3500F43699 /* BaseListFetchViewController.swift */ = {isa = PBXFileReference; fileEncoding = 4; lastKnownFileType = sourcecode.swift; path = BaseListFetchViewController.swift; sourceTree = "<group>"; };
		2789380A1CD0CC4300F43699 /* BaseListFetchViewModel.swift */ = {isa = PBXFileReference; fileEncoding = 4; lastKnownFileType = sourcecode.swift; path = BaseListFetchViewModel.swift; sourceTree = "<group>"; };
		278CAA411CD19849008AC629 /* BaseKitEntity.swift */ = {isa = PBXFileReference; fileEncoding = 4; lastKnownFileType = sourcecode.swift; path = BaseKitEntity.swift; sourceTree = "<group>"; };
		278CAA451CD1DCBC008AC629 /* JSPatch.framework */ = {isa = PBXFileReference; explicitFileType = wrapper.framework; name = JSPatch.framework; path = "../Debug-iphonesimulator/JSPatch.framework"; sourceTree = BUILT_PRODUCTS_DIR; };
		278CAA481CD1DCBC008AC629 /* WebViewJavascriptBridge.framework */ = {isa = PBXFileReference; explicitFileType = wrapper.framework; name = WebViewJavascriptBridge.framework; path = "../Debug-iphonesimulator/WebViewJavascriptBridge.framework"; sourceTree = BUILT_PRODUCTS_DIR; };
		278CAA4C1CD1E00A008AC629 /* WebViewBridge.swift */ = {isa = PBXFileReference; fileEncoding = 4; lastKnownFileType = sourcecode.swift; path = WebViewBridge.swift; sourceTree = "<group>"; };
		278CAA4E1CD1E6FC008AC629 /* BaseKitWebViewController.swift */ = {isa = PBXFileReference; fileEncoding = 4; lastKnownFileType = sourcecode.swift; path = BaseKitWebViewController.swift; sourceTree = "<group>"; };
		278CAA501CD1E944008AC629 /* SnapKit.framework */ = {isa = PBXFileReference; explicitFileType = wrapper.framework; name = SnapKit.framework; path = "../Debug-iphonesimulator/SnapKit.framework"; sourceTree = BUILT_PRODUCTS_DIR; };
		278CAA531CD1F93A008AC629 /* BaseWebViewController.swift */ = {isa = PBXFileReference; fileEncoding = 4; lastKnownFileType = sourcecode.swift; path = BaseWebViewController.swift; sourceTree = "<group>"; };
		278CAA551CD20970008AC629 /* BaseWebViewModel.swift */ = {isa = PBXFileReference; fileEncoding = 4; lastKnownFileType = sourcecode.swift; path = BaseWebViewModel.swift; sourceTree = "<group>"; };
		279193431CD05C17009B08F3 /* Int+Extension.swift */ = {isa = PBXFileReference; fileEncoding = 4; lastKnownFileType = sourcecode.swift; path = "Int+Extension.swift"; sourceTree = "<group>"; };
		279193451CD05C5B009B08F3 /* NSTimeInterval+Extension.swift */ = {isa = PBXFileReference; fileEncoding = 4; lastKnownFileType = sourcecode.swift; path = "NSTimeInterval+Extension.swift"; sourceTree = "<group>"; };
		27959A3B1CD3018900546424 /* BaseWebViewController.xib */ = {isa = PBXFileReference; fileEncoding = 4; lastKnownFileType = file.xib; path = BaseWebViewController.xib; sourceTree = "<group>"; };
		27959A3D1CD30BE400546424 /* UITextField+Extension.swift */ = {isa = PBXFileReference; fileEncoding = 4; lastKnownFileType = sourcecode.swift; path = "UITextField+Extension.swift"; sourceTree = "<group>"; };
		279D24FB1CC4D2AB002DD28F /* MKDataNetworkRequestTableViewCell.swift */ = {isa = PBXFileReference; fileEncoding = 4; lastKnownFileType = sourcecode.swift; path = MKDataNetworkRequestTableViewCell.swift; sourceTree = "<group>"; };
		27A40F6C1CC5DE890012AF12 /* UIColor+Extension.swift */ = {isa = PBXFileReference; fileEncoding = 4; lastKnownFileType = sourcecode.swift; path = "UIColor+Extension.swift"; sourceTree = "<group>"; };
		27A5B20D1CC86E88005A59CA /* SwiftMKitDemo.xcdatamodel */ = {isa = PBXFileReference; lastKnownFileType = wrapper.xcdatamodel; path = SwiftMKitDemo.xcdatamodel; sourceTree = "<group>"; };
		27A5B2221CC8710E005A59CA /* SwiftMKitDemo-Bridging-Header.h */ = {isa = PBXFileReference; lastKnownFileType = sourcecode.c.h; path = "SwiftMKitDemo-Bridging-Header.h"; sourceTree = "<group>"; };
		27BA394C1CC74E2400436D23 /* Async.swift */ = {isa = PBXFileReference; fileEncoding = 4; lastKnownFileType = sourcecode.swift; path = Async.swift; sourceTree = "<group>"; };
		310227F5FBDD439577E6254A /* Pods.release.xcconfig */ = {isa = PBXFileReference; includeInIndex = 1; lastKnownFileType = text.xcconfig; name = Pods.release.xcconfig; path = "Pods/Target Support Files/Pods/Pods.release.xcconfig"; sourceTree = "<group>"; };
		3F0E85351CD0FDFC00A55D1D /* CollectionType+Extension.swift */ = {isa = PBXFileReference; fileEncoding = 4; lastKnownFileType = sourcecode.swift; path = "CollectionType+Extension.swift"; sourceTree = "<group>"; };
		3F33D38A1CC1F37B0061C5B0 /* NetApiProtocol.swift */ = {isa = PBXFileReference; fileEncoding = 4; lastKnownFileType = sourcecode.swift; path = NetApiProtocol.swift; sourceTree = "<group>"; };
		3F33D38C1CC203370061C5B0 /* MKitDemoNetApi.swift */ = {isa = PBXFileReference; fileEncoding = 4; lastKnownFileType = sourcecode.swift; path = MKitDemoNetApi.swift; sourceTree = "<group>"; };
		3F8FEAA31CC274DB00F7EAF3 /* UIApplication+Extension.swift */ = {isa = PBXFileReference; fileEncoding = 4; lastKnownFileType = sourcecode.swift; path = "UIApplication+Extension.swift"; sourceTree = "<group>"; };
		3F9707EE1CC67063002BBC83 /* Alamofire.framework */ = {isa = PBXFileReference; explicitFileType = wrapper.framework; name = Alamofire.framework; path = "../Debug-iphonesimulator/Alamofire.framework"; sourceTree = BUILT_PRODUCTS_DIR; };
		3F9707F11CC67063002BBC83 /* CocoaLumberjack.framework */ = {isa = PBXFileReference; explicitFileType = wrapper.framework; name = CocoaLumberjack.framework; path = "../Debug-iphonesimulator/CocoaLumberjack.framework"; sourceTree = BUILT_PRODUCTS_DIR; };
		3F9707F41CC67063002BBC83 /* Haneke.framework */ = {isa = PBXFileReference; explicitFileType = wrapper.framework; name = Haneke.framework; path = "../Debug-iphonesimulator/Haneke.framework"; sourceTree = BUILT_PRODUCTS_DIR; };
		3F9707F71CC67063002BBC83 /* MBProgressHUD.framework */ = {isa = PBXFileReference; explicitFileType = wrapper.framework; name = MBProgressHUD.framework; path = "../Debug-iphonesimulator/MBProgressHUD.framework"; sourceTree = BUILT_PRODUCTS_DIR; };
		3F9707FA1CC67063002BBC83 /* MJRefresh.framework */ = {isa = PBXFileReference; explicitFileType = wrapper.framework; name = MJRefresh.framework; path = "../Debug-iphonesimulator/MJRefresh.framework"; sourceTree = BUILT_PRODUCTS_DIR; };
		3F9708001CC67063002BBC83 /* ReactiveCocoa.framework */ = {isa = PBXFileReference; explicitFileType = wrapper.framework; name = ReactiveCocoa.framework; path = "../Debug-iphonesimulator/ReactiveCocoa.framework"; sourceTree = BUILT_PRODUCTS_DIR; };
		3F9708031CC67063002BBC83 /* Result.framework */ = {isa = PBXFileReference; explicitFileType = wrapper.framework; name = Result.framework; path = "../Debug-iphonesimulator/Result.framework"; sourceTree = BUILT_PRODUCTS_DIR; };
		3FC77C441CC36A6D002F964B /* Dictionary+Extension.swift */ = {isa = PBXFileReference; fileEncoding = 4; lastKnownFileType = sourcecode.swift; path = "Dictionary+Extension.swift"; sourceTree = "<group>"; };
		3FC77C461CC36AAE002F964B /* String+Extension.swift */ = {isa = PBXFileReference; fileEncoding = 4; lastKnownFileType = sourcecode.swift; path = "String+Extension.swift"; sourceTree = "<group>"; };
		3FC9DEF51CBFD35900C2D938 /* SwiftMKitDemo.app */ = {isa = PBXFileReference; explicitFileType = wrapper.application; includeInIndex = 0; path = SwiftMKitDemo.app; sourceTree = BUILT_PRODUCTS_DIR; };
		3FC9DEF81CBFD35900C2D938 /* AppDelegate.swift */ = {isa = PBXFileReference; lastKnownFileType = sourcecode.swift; path = AppDelegate.swift; sourceTree = "<group>"; };
		3FC9DEFD1CBFD35900C2D938 /* Base */ = {isa = PBXFileReference; lastKnownFileType = file.storyboard; name = Base; path = Base.lproj/Main.storyboard; sourceTree = "<group>"; };
		3FC9DEFF1CBFD35900C2D938 /* Assets.xcassets */ = {isa = PBXFileReference; lastKnownFileType = folder.assetcatalog; path = Assets.xcassets; sourceTree = "<group>"; };
		3FC9DF021CBFD35900C2D938 /* Base */ = {isa = PBXFileReference; lastKnownFileType = file.storyboard; name = Base; path = Base.lproj/LaunchScreen.storyboard; sourceTree = "<group>"; };
		3FC9DF041CBFD35900C2D938 /* Info.plist */ = {isa = PBXFileReference; lastKnownFileType = text.plist.xml; path = Info.plist; sourceTree = "<group>"; };
		3FC9DF091CBFD35900C2D938 /* SwiftMKitDemoTests.xctest */ = {isa = PBXFileReference; explicitFileType = wrapper.cfbundle; includeInIndex = 0; path = SwiftMKitDemoTests.xctest; sourceTree = BUILT_PRODUCTS_DIR; };
		3FC9DF0D1CBFD35900C2D938 /* SwiftMKitDemoTests.swift */ = {isa = PBXFileReference; lastKnownFileType = sourcecode.swift; path = SwiftMKitDemoTests.swift; sourceTree = "<group>"; };
		3FC9DF0F1CBFD35A00C2D938 /* Info.plist */ = {isa = PBXFileReference; lastKnownFileType = text.plist.xml; path = Info.plist; sourceTree = "<group>"; };
		3FC9DF141CBFD35A00C2D938 /* SwiftMKitDemoUITests.xctest */ = {isa = PBXFileReference; explicitFileType = wrapper.cfbundle; includeInIndex = 0; path = SwiftMKitDemoUITests.xctest; sourceTree = BUILT_PRODUCTS_DIR; };
		3FC9DF181CBFD35A00C2D938 /* SwiftMKitDemoUITests.swift */ = {isa = PBXFileReference; lastKnownFileType = sourcecode.swift; path = SwiftMKitDemoUITests.swift; sourceTree = "<group>"; };
		3FC9DF1A1CBFD35A00C2D938 /* Info.plist */ = {isa = PBXFileReference; lastKnownFileType = text.plist.xml; path = Info.plist; sourceTree = "<group>"; };
		3FC9DF281CBFD53A00C2D938 /* NetApiClient.swift */ = {isa = PBXFileReference; fileEncoding = 4; lastKnownFileType = sourcecode.swift; path = NetApiClient.swift; sourceTree = "<group>"; };
		3FC9DF291CBFD53A00C2D938 /* NetApiData.swift */ = {isa = PBXFileReference; fileEncoding = 4; lastKnownFileType = sourcecode.swift; path = NetApiData.swift; sourceTree = "<group>"; };
		3FC9DF2A1CBFD53A00C2D938 /* SwiftMKit.swift */ = {isa = PBXFileReference; fileEncoding = 4; lastKnownFileType = sourcecode.swift; path = SwiftMKit.swift; sourceTree = "<group>"; };
		3FC9DF2D1CBFD53A00C2D938 /* BaseKitViewController.swift */ = {isa = PBXFileReference; fileEncoding = 4; lastKnownFileType = sourcecode.swift; path = BaseKitViewController.swift; sourceTree = "<group>"; };
		3FC9DF2E1CBFD53A00C2D938 /* BaseKitViewModel.swift */ = {isa = PBXFileReference; fileEncoding = 4; lastKnownFileType = sourcecode.swift; path = BaseKitViewModel.swift; sourceTree = "<group>"; };
		3FC9DF2F1CBFD53A00C2D938 /* BaseListKitViewController.swift */ = {isa = PBXFileReference; fileEncoding = 4; lastKnownFileType = sourcecode.swift; path = BaseListKitViewController.swift; sourceTree = "<group>"; };
		3FC9DF301CBFD53A00C2D938 /* BaseListKitViewModel.swift */ = {isa = PBXFileReference; fileEncoding = 4; lastKnownFileType = sourcecode.swift; path = BaseListKitViewModel.swift; sourceTree = "<group>"; };
		3FC9DF391CBFD6D400C2D938 /* GlobalConfig.swift */ = {isa = PBXFileReference; fileEncoding = 4; lastKnownFileType = sourcecode.swift; path = GlobalConfig.swift; sourceTree = "<group>"; };
		3FC9DF401CBFD6D400C2D938 /* BaseModel.swift */ = {isa = PBXFileReference; fileEncoding = 4; lastKnownFileType = sourcecode.swift; path = BaseModel.swift; sourceTree = "<group>"; };
		3FC9DF411CBFD6D400C2D938 /* MKDataListModel.swift */ = {isa = PBXFileReference; fileEncoding = 4; lastKnownFileType = sourcecode.swift; path = MKDataListModel.swift; sourceTree = "<group>"; };
		3FC9DF421CBFD6D400C2D938 /* MKDataNetworkRequestModel.swift */ = {isa = PBXFileReference; fileEncoding = 4; lastKnownFileType = sourcecode.swift; path = MKDataNetworkRequestModel.swift; sourceTree = "<group>"; };
		3FC9DF461CBFD6D400C2D938 /* MKDataNetworkImagesTableViewCell.swift */ = {isa = PBXFileReference; fileEncoding = 4; lastKnownFileType = sourcecode.swift; path = MKDataNetworkImagesTableViewCell.swift; sourceTree = "<group>"; };
		3FC9DF481CBFD6D400C2D938 /* MKDataNetworkRequestViewController.swift */ = {isa = PBXFileReference; fileEncoding = 4; lastKnownFileType = sourcecode.swift; path = MKDataNetworkRequestViewController.swift; sourceTree = "<group>"; };
		3FC9DF491CBFD6D400C2D938 /* MKDataNetworkRequestDetailViewController.swift */ = {isa = PBXFileReference; fileEncoding = 4; lastKnownFileType = sourcecode.swift; path = MKDataNetworkRequestDetailViewController.swift; sourceTree = "<group>"; };
		3FC9DF4A1CBFD6D400C2D938 /* MKDataViewController.swift */ = {isa = PBXFileReference; fileEncoding = 4; lastKnownFileType = sourcecode.swift; path = MKDataViewController.swift; sourceTree = "<group>"; };
		3FC9DF4C1CBFD6D400C2D938 /* MKDataNetworkRequestDetailViewModel.swift */ = {isa = PBXFileReference; fileEncoding = 4; lastKnownFileType = sourcecode.swift; path = MKDataNetworkRequestDetailViewModel.swift; sourceTree = "<group>"; };
		3FC9DF4D1CBFD6D400C2D938 /* MKDataNetworkRequestViewModel.swift */ = {isa = PBXFileReference; fileEncoding = 4; lastKnownFileType = sourcecode.swift; path = MKDataNetworkRequestViewModel.swift; sourceTree = "<group>"; };
		3FC9DF4E1CBFD6D400C2D938 /* MKDataViewModel.swift */ = {isa = PBXFileReference; fileEncoding = 4; lastKnownFileType = sourcecode.swift; path = MKDataViewModel.swift; sourceTree = "<group>"; };
		3FC9DF501CBFD6D400C2D938 /* BaseListViewController.swift */ = {isa = PBXFileReference; fileEncoding = 4; lastKnownFileType = sourcecode.swift; path = BaseListViewController.swift; sourceTree = "<group>"; };
		3FC9DF511CBFD6D400C2D938 /* BaseListViewModel.swift */ = {isa = PBXFileReference; fileEncoding = 4; lastKnownFileType = sourcecode.swift; path = BaseListViewModel.swift; sourceTree = "<group>"; };
		3FC9DF521CBFD6D400C2D938 /* BaseViewController.swift */ = {isa = PBXFileReference; fileEncoding = 4; lastKnownFileType = sourcecode.swift; path = BaseViewController.swift; sourceTree = "<group>"; };
		3FC9DF531CBFD6D400C2D938 /* BaseViewModel.swift */ = {isa = PBXFileReference; fileEncoding = 4; lastKnownFileType = sourcecode.swift; path = BaseViewModel.swift; sourceTree = "<group>"; };
/* End PBXFileReference section */

/* Begin PBXFrameworksBuildPhase section */
		3FC9DEF21CBFD35900C2D938 /* Frameworks */ = {
			isa = PBXFrameworksBuildPhase;
			buildActionMask = 2147483647;
			files = (
				278CAA461CD1DCBC008AC629 /* JSPatch.framework in Frameworks */,
				273ACFA51CC9AD5A00EB341D /* MagicalRecord.framework in Frameworks */,
				3F9707FB1CC67063002BBC83 /* MJRefresh.framework in Frameworks */,
				278CAA511CD1E944008AC629 /* SnapKit.framework in Frameworks */,
				3F9707F81CC67063002BBC83 /* MBProgressHUD.framework in Frameworks */,
				273ACFA81CC9AD5A00EB341D /* MJExtension.framework in Frameworks */,
				278CAA491CD1DCBC008AC629 /* WebViewJavascriptBridge.framework in Frameworks */,
				3F9708041CC67063002BBC83 /* Result.framework in Frameworks */,
				3F9707F21CC67063002BBC83 /* CocoaLumberjack.framework in Frameworks */,
				3F9708011CC67063002BBC83 /* ReactiveCocoa.framework in Frameworks */,
				3F9707EF1CC67063002BBC83 /* Alamofire.framework in Frameworks */,
				3F9707F51CC67063002BBC83 /* Haneke.framework in Frameworks */,
			);
			runOnlyForDeploymentPostprocessing = 0;
		};
		3FC9DF061CBFD35900C2D938 /* Frameworks */ = {
			isa = PBXFrameworksBuildPhase;
			buildActionMask = 2147483647;
			files = (
				E87D7BB47929B60BD485DBE4 /* Pods.framework in Frameworks */,
			);
			runOnlyForDeploymentPostprocessing = 0;
		};
		3FC9DF111CBFD35A00C2D938 /* Frameworks */ = {
			isa = PBXFrameworksBuildPhase;
			buildActionMask = 2147483647;
			files = (
				C761977685A7F0638A21DF9E /* Pods.framework in Frameworks */,
			);
			runOnlyForDeploymentPostprocessing = 0;
		};
/* End PBXFrameworksBuildPhase section */

/* Begin PBXGroup section */
		034FB88A1CD1EC2200E90738 /* Operation */ = {
			isa = PBXGroup;
			children = (
				034FB88B1CD1EC2F00E90738 /* EquatableTuples.swift */,
			);
			path = Operation;
			sourceTree = "<group>";
		};
		1564FEC514F879B067F694AA /* Pods */ = {
			isa = PBXGroup;
			children = (
				199C65544CEFC546821FD670 /* Pods.debug.xcconfig */,
				310227F5FBDD439577E6254A /* Pods.release.xcconfig */,
			);
			name = Pods;
			sourceTree = "<group>";
		};
		18E184E11CC48B1600F14923 /* Data */ = {
			isa = PBXGroup;
			children = (
				2778BA6F1CCF3AD3009B926C /* Cache */,
				27276C051CC748D60028E938 /* Image */,
				18E184E21CC48B1600F14923 /* Model */,
			);
			path = Data;
			sourceTree = "<group>";
		};
		18E184E21CC48B1600F14923 /* Model */ = {
			isa = PBXGroup;
			children = (
				18E184E31CC48B2500F14923 /* BaseKitModel.swift */,
				278CAA411CD19849008AC629 /* BaseKitEntity.swift */,
			);
			path = Model;
			sourceTree = "<group>";
		};
		27276C051CC748D60028E938 /* Image */ = {
			isa = PBXGroup;
			children = (
				27276C061CC748D60028E938 /* ImageScout */,
			);
			path = Image;
			sourceTree = "<group>";
		};
		27276C061CC748D60028E938 /* ImageScout */ = {
			isa = PBXGroup;
			children = (
				27276C071CC748D60028E938 /* ImageParser.swift */,
				27276C081CC748D60028E938 /* ImageScout.swift */,
				27276C091CC748D60028E938 /* ScoutOperation.swift */,
				27276C0A1CC748D60028E938 /* SessionDelegate.swift */,
			);
			path = ImageScout;
			sourceTree = "<group>";
		};
		273F51A41CC8C52A003ABE4A /* View */ = {
			isa = PBXGroup;
			children = (
				278CAA4B1CD1DFD8008AC629 /* Web */,
				273F51AE1CC8CB10003ABE4A /* Indicator */,
				273F51A91CC8CAA1003ABE4A /* HUD */,
			);
			path = View;
			sourceTree = "<group>";
		};
		273F51A91CC8CAA1003ABE4A /* HUD */ = {
			isa = PBXGroup;
			children = (
				273F51AA1CC8CAA1003ABE4A /* HUDProtocol.swift */,
				273F51AB1CC8CAA1003ABE4A /* MBHUDView.swift */,
			);
			path = HUD;
			sourceTree = "<group>";
		};
		273F51AE1CC8CB10003ABE4A /* Indicator */ = {
			isa = PBXGroup;
			children = (
				273F51AF1CC8CB1A003ABE4A /* IndicatorProtocol.swift */,
				273F51B31CC8DCFB003ABE4A /* TaskIndicatorList.swift */,
				273F51B11CC8CD4E003ABE4A /* TaskIndicator.swift */,
			);
			path = Indicator;
			sourceTree = "<group>";
		};
		2778BA6F1CCF3AD3009B926C /* Cache */ = {
			isa = PBXGroup;
			children = (
				2778BA701CCF3B01009B926C /* CachePool.swift */,
			);
			path = Cache;
			sourceTree = "<group>";
		};
		278CAA4B1CD1DFD8008AC629 /* Web */ = {
			isa = PBXGroup;
			children = (
				278CAA4C1CD1E00A008AC629 /* WebViewBridge.swift */,
			);
			path = Web;
			sourceTree = "<group>";
		};
		27A5B20B1CC86E6F005A59CA /* Entity */ = {
			isa = PBXGroup;
			children = (
				27A5B20C1CC86E88005A59CA /* SwiftMKitDemo.xcdatamodeld */,
				278937EA1CD0A5CC00F43699 /* BaseEntity+CoreDataProperties.swift */,
				278937EB1CD0A5CC00F43699 /* BaseEntity.swift */,
				278937EC1CD0A5CC00F43699 /* PX500PhotoEntity+CoreDataProperties.swift */,
				278937ED1CD0A5CC00F43699 /* PX500PhotoEntity.swift */,
				278937EE1CD0A5CC00F43699 /* PX500PhotosEntity+CoreDataProperties.swift */,
				278937EF1CD0A5CC00F43699 /* PX500PhotosEntity.swift */,
				278937F01CD0A5CC00F43699 /* TestStudentEntity+CoreDataProperties.swift */,
				278937F11CD0A5CC00F43699 /* TestStudentEntity.swift */,
				278937F21CD0A5CC00F43699 /* TestTeacherEntity+CoreDataProperties.swift */,
				278937F31CD0A5CC00F43699 /* TestTeacherEntity.swift */,
				278937F41CD0A5CC00F43699 /* PX500UserEntity+CoreDataProperties.swift */,
				278937F51CD0A5CC00F43699 /* PX500UserEntity.swift */,
			);
			path = Entity;
			sourceTree = "<group>";
		};
		27BA394B1CC74E2400436D23 /* Async */ = {
			isa = PBXGroup;
			children = (
				27BA394C1CC74E2400436D23 /* Async.swift */,
			);
			path = Async;
			sourceTree = "<group>";
		};
		3F8FEAA21CC2749800F7EAF3 /* Extension */ = {
			isa = PBXGroup;
			children = (
				2783E0061CC89E74007247F6 /* NSObject+Extension.swift */,
				279193431CD05C17009B08F3 /* Int+Extension.swift */,
				279193451CD05C5B009B08F3 /* NSTimeInterval+Extension.swift */,
				3F8FEAA31CC274DB00F7EAF3 /* UIApplication+Extension.swift */,
				273F51A01CC8BF20003ABE4A /* UIViewController+Extension.swift */,
				3FC77C441CC36A6D002F964B /* Dictionary+Extension.swift */,
				3F0E85351CD0FDFC00A55D1D /* CollectionType+Extension.swift */,
				3FC77C461CC36AAE002F964B /* String+Extension.swift */,
				27A40F6C1CC5DE890012AF12 /* UIColor+Extension.swift */,
				27276C031CC71F640028E938 /* NSLayoutConstraint+Extension.swift */,
				273F51B51CC8E4EE003ABE4A /* NSURLSessionTask+Extension.swift */,
				03CC0D751CD204EE00D234FF /* DDLog+Extension.swift */,
				27959A3D1CD30BE400546424 /* UITextField+Extension.swift */,
			);
			path = Extension;
			sourceTree = "<group>";
		};
		3FC9DEEC1CBFD35900C2D938 = {
			isa = PBXGroup;
			children = (
				3FC9DF261CBFD53A00C2D938 /* SwiftMKit */,
				3FC9DEF71CBFD35900C2D938 /* SwiftMKitDemo */,
				3FC9DF0C1CBFD35900C2D938 /* SwiftMKitDemoTests */,
				3FC9DF171CBFD35A00C2D938 /* SwiftMKitDemoUITests */,
				3FC9DEF61CBFD35900C2D938 /* Products */,
				1564FEC514F879B067F694AA /* Pods */,
				92606744023F345A76BD07D7 /* Frameworks */,
			);
			sourceTree = "<group>";
		};
		3FC9DEF61CBFD35900C2D938 /* Products */ = {
			isa = PBXGroup;
			children = (
				3FC9DEF51CBFD35900C2D938 /* SwiftMKitDemo.app */,
				3FC9DF091CBFD35900C2D938 /* SwiftMKitDemoTests.xctest */,
				3FC9DF141CBFD35A00C2D938 /* SwiftMKitDemoUITests.xctest */,
			);
			name = Products;
			sourceTree = "<group>";
		};
		3FC9DEF71CBFD35900C2D938 /* SwiftMKitDemo */ = {
			isa = PBXGroup;
			children = (
				3FC9DF381CBFD6D400C2D938 /* Config */,
				3FC9DF3A1CBFD6D400C2D938 /* Data */,
				3FC9DF431CBFD6D400C2D938 /* UI */,
				3FC9DEF81CBFD35900C2D938 /* AppDelegate.swift */,
				27A5B2221CC8710E005A59CA /* SwiftMKitDemo-Bridging-Header.h */,
				3FC9DEFC1CBFD35900C2D938 /* Main.storyboard */,
				3FC9DEFF1CBFD35900C2D938 /* Assets.xcassets */,
				3FC9DF011CBFD35900C2D938 /* LaunchScreen.storyboard */,
				3FC9DF041CBFD35900C2D938 /* Info.plist */,
				278938021CD0A82500F43699 /* README.md */,
			);
			path = SwiftMKitDemo;
			sourceTree = "<group>";
		};
		3FC9DF0C1CBFD35900C2D938 /* SwiftMKitDemoTests */ = {
			isa = PBXGroup;
			children = (
				3FC9DF0F1CBFD35A00C2D938 /* Info.plist */,
				3FC9DF0D1CBFD35900C2D938 /* SwiftMKitDemoTests.swift */,
				273ACFAA1CC9AE9600EB341D /* RACTests.swift */,
				274113CC1CCDC95600EECE5A /* JsonMapTests.swift */,
				034FB8881CD1B1B900E90738 /* NSTimeIntervalTests.swift */,
				03CC0D771CD211F300D234FF /* CollectionTypeTests.swift */,
			);
			path = SwiftMKitDemoTests;
			sourceTree = "<group>";
		};
		3FC9DF171CBFD35A00C2D938 /* SwiftMKitDemoUITests */ = {
			isa = PBXGroup;
			children = (
				3FC9DF181CBFD35A00C2D938 /* SwiftMKitDemoUITests.swift */,
				3FC9DF1A1CBFD35A00C2D938 /* Info.plist */,
			);
			path = SwiftMKitDemoUITests;
			sourceTree = "<group>";
		};
		3FC9DF261CBFD53A00C2D938 /* SwiftMKit */ = {
			isa = PBXGroup;
			children = (
				3F8FEAA21CC2749800F7EAF3 /* Extension */,
				034FB88A1CD1EC2200E90738 /* Operation */,
				3FC9DF271CBFD53A00C2D938 /* Network */,
				3FC9DF2A1CBFD53A00C2D938 /* SwiftMKit.swift */,
				18E184E11CC48B1600F14923 /* Data */,
				3FC9DF2B1CBFD53A00C2D938 /* UI */,
			);
			name = SwiftMKit;
			path = ../SwiftMKit;
			sourceTree = "<group>";
		};
		3FC9DF271CBFD53A00C2D938 /* Network */ = {
			isa = PBXGroup;
			children = (
				27BA394B1CC74E2400436D23 /* Async */,
				3F33D38A1CC1F37B0061C5B0 /* NetApiProtocol.swift */,
				3FC9DF281CBFD53A00C2D938 /* NetApiClient.swift */,
				3FC9DF291CBFD53A00C2D938 /* NetApiData.swift */,
				273ACFAC1CC9D60600EB341D /* NetError.swift */,
			);
			path = Network;
			sourceTree = "<group>";
		};
		3FC9DF2B1CBFD53A00C2D938 /* UI */ = {
			isa = PBXGroup;
			children = (
				3FC9DF2C1CBFD53A00C2D938 /* Schema */,
				273F51A41CC8C52A003ABE4A /* View */,
			);
			path = UI;
			sourceTree = "<group>";
		};
		3FC9DF2C1CBFD53A00C2D938 /* Schema */ = {
			isa = PBXGroup;
			children = (
				3FC9DF2D1CBFD53A00C2D938 /* BaseKitViewController.swift */,
				3FC9DF2E1CBFD53A00C2D938 /* BaseKitViewModel.swift */,
				3FC9DF2F1CBFD53A00C2D938 /* BaseListKitViewController.swift */,
				3FC9DF301CBFD53A00C2D938 /* BaseListKitViewModel.swift */,
				278938041CD0BC3800F43699 /* BaseListFetchKitViewController.swift */,
				278938061CD0BC7600F43699 /* BaseListFetchKitViewModel.swift */,
				278CAA4E1CD1E6FC008AC629 /* BaseKitWebViewController.swift */,
			);
			path = Schema;
			sourceTree = "<group>";
		};
		3FC9DF381CBFD6D400C2D938 /* Config */ = {
			isa = PBXGroup;
			children = (
				3FC9DF391CBFD6D400C2D938 /* GlobalConfig.swift */,
			);
			path = Config;
			sourceTree = "<group>";
		};
		3FC9DF3A1CBFD6D400C2D938 /* Data */ = {
			isa = PBXGroup;
			children = (
				27A5B20B1CC86E6F005A59CA /* Entity */,
				3FC9DF3B1CBFD6D400C2D938 /* Api */,
				3FC9DF3F1CBFD6D400C2D938 /* Model */,
			);
			path = Data;
			sourceTree = "<group>";
		};
		3FC9DF3B1CBFD6D400C2D938 /* Api */ = {
			isa = PBXGroup;
			children = (
				3F33D38C1CC203370061C5B0 /* MKitDemoNetApi.swift */,
			);
			path = Api;
			sourceTree = "<group>";
		};
		3FC9DF3F1CBFD6D400C2D938 /* Model */ = {
			isa = PBXGroup;
			children = (
				3FC9DF401CBFD6D400C2D938 /* BaseModel.swift */,
				3FC9DF411CBFD6D400C2D938 /* MKDataListModel.swift */,
				3FC9DF421CBFD6D400C2D938 /* MKDataNetworkRequestModel.swift */,
				18C208641CC878DC00569F42 /* BuDeJieModel.swift */,
			);
			path = Model;
			sourceTree = "<group>";
		};
		3FC9DF431CBFD6D400C2D938 /* UI */ = {
			isa = PBXGroup;
			children = (
				3FC9DF4F1CBFD6D400C2D938 /* Schema */,
				3FC9DF441CBFD6D400C2D938 /* Data */,
			);
			path = UI;
			sourceTree = "<group>";
		};
		3FC9DF441CBFD6D400C2D938 /* Data */ = {
			isa = PBXGroup;
			children = (
				3FC9DF451CBFD6D400C2D938 /* Cell */,
				3FC9DF471CBFD6D400C2D938 /* View */,
				3FC9DF4B1CBFD6D400C2D938 /* ViewModel */,
			);
			path = Data;
			sourceTree = "<group>";
		};
		3FC9DF451CBFD6D400C2D938 /* Cell */ = {
			isa = PBXGroup;
			children = (
				279D24FB1CC4D2AB002DD28F /* MKDataNetworkRequestTableViewCell.swift */,
				3FC9DF461CBFD6D400C2D938 /* MKDataNetworkImagesTableViewCell.swift */,
				274316C21CC8A6F300E560EE /* MKDataNetworkRequestTableViewCell.xib */,
			);
			path = Cell;
			sourceTree = "<group>";
		};
		3FC9DF471CBFD6D400C2D938 /* View */ = {
			isa = PBXGroup;
			children = (
				3FC9DF4A1CBFD6D400C2D938 /* MKDataViewController.swift */,
				3FC9DF481CBFD6D400C2D938 /* MKDataNetworkRequestViewController.swift */,
				274316BE1CC8A38000E560EE /* MKDataStoreViewController.swift */,
				3FC9DF491CBFD6D400C2D938 /* MKDataNetworkRequestDetailViewController.swift */,
				18C208581CC862D800569F42 /* SingleReqViewController.swift */,
				18C2085A1CC862FC00569F42 /* MergeReqViewController.swift */,
				18C2085C1CC8631300569F42 /* ComLatestReqViewController.swift */,
			);
			path = View;
			sourceTree = "<group>";
		};
		3FC9DF4B1CBFD6D400C2D938 /* ViewModel */ = {
			isa = PBXGroup;
			children = (
				3FC9DF4E1CBFD6D400C2D938 /* MKDataViewModel.swift */,
				3FC9DF4D1CBFD6D400C2D938 /* MKDataNetworkRequestViewModel.swift */,
				274316C01CC8A3BA00E560EE /* MKDataStoreViewModel.swift */,
				3FC9DF4C1CBFD6D400C2D938 /* MKDataNetworkRequestDetailViewModel.swift */,
				18C208621CC8636400569F42 /* SingleReqViewModel.swift */,
				18C208601CC8635400569F42 /* MergeReqViewModel.swift */,
				18C2085E1CC8634000569F42 /* ComLatestReqViewModel.swift */,
			);
			path = ViewModel;
			sourceTree = "<group>";
		};
		3FC9DF4F1CBFD6D400C2D938 /* Schema */ = {
			isa = PBXGroup;
			children = (
				3FC9DF521CBFD6D400C2D938 /* BaseViewController.swift */,
				3FC9DF531CBFD6D400C2D938 /* BaseViewModel.swift */,
				3FC9DF501CBFD6D400C2D938 /* BaseListViewController.swift */,
				3FC9DF511CBFD6D400C2D938 /* BaseListViewModel.swift */,
				278938081CD0CC3500F43699 /* BaseListFetchViewController.swift */,
				2789380A1CD0CC4300F43699 /* BaseListFetchViewModel.swift */,
				278CAA531CD1F93A008AC629 /* BaseWebViewController.swift */,
				27959A3B1CD3018900546424 /* BaseWebViewController.xib */,
				278CAA551CD20970008AC629 /* BaseWebViewModel.swift */,
			);
			path = Schema;
			sourceTree = "<group>";
		};
		92606744023F345A76BD07D7 /* Frameworks */ = {
			isa = PBXGroup;
			children = (
				278CAA481CD1DCBC008AC629 /* WebViewJavascriptBridge.framework */,
				278CAA501CD1E944008AC629 /* SnapKit.framework */,
				278CAA451CD1DCBC008AC629 /* JSPatch.framework */,
				273ACFA71CC9AD5A00EB341D /* MJExtension.framework */,
				273ACFA41CC9AD5A00EB341D /* MagicalRecord.framework */,
				3F9708031CC67063002BBC83 /* Result.framework */,
				3F9708001CC67063002BBC83 /* ReactiveCocoa.framework */,
				3F9707FA1CC67063002BBC83 /* MJRefresh.framework */,
				3F9707F71CC67063002BBC83 /* MBProgressHUD.framework */,
				3F9707F41CC67063002BBC83 /* Haneke.framework */,
				3F9707F11CC67063002BBC83 /* CocoaLumberjack.framework */,
				3F9707EE1CC67063002BBC83 /* Alamofire.framework */,
				1054F8DADC2350EB4A7A137D /* Pods.framework */,
			);
			name = Frameworks;
			sourceTree = "<group>";
		};
/* End PBXGroup section */

/* Begin PBXNativeTarget section */
		3FC9DEF41CBFD35900C2D938 /* SwiftMKitDemo */ = {
			isa = PBXNativeTarget;
			buildConfigurationList = 3FC9DF1D1CBFD35A00C2D938 /* Build configuration list for PBXNativeTarget "SwiftMKitDemo" */;
			buildPhases = (
				3FC9DEF11CBFD35900C2D938 /* Sources */,
				3FC9DEF21CBFD35900C2D938 /* Frameworks */,
				3FC9DEF31CBFD35900C2D938 /* Resources */,
				3F9707D81CC6650B002BBC83 /* Embed Frameworks */,
			);
			buildRules = (
			);
			dependencies = (
			);
			name = SwiftMKitDemo;
			productName = SwiftMKitDemo;
			productReference = 3FC9DEF51CBFD35900C2D938 /* SwiftMKitDemo.app */;
			productType = "com.apple.product-type.application";
		};
		3FC9DF081CBFD35900C2D938 /* SwiftMKitDemoTests */ = {
			isa = PBXNativeTarget;
			buildConfigurationList = 3FC9DF201CBFD35A00C2D938 /* Build configuration list for PBXNativeTarget "SwiftMKitDemoTests" */;
			buildPhases = (
				09B76908E554998A574A4E8C /* Check Pods Manifest.lock */,
				3FC9DF051CBFD35900C2D938 /* Sources */,
				3FC9DF061CBFD35900C2D938 /* Frameworks */,
				3FC9DF071CBFD35900C2D938 /* Resources */,
				5ACD936D397BF12B6AA4D8A5 /* Embed Pods Frameworks */,
				9CF31CDFBE9AE247AFA678EB /* Copy Pods Resources */,
			);
			buildRules = (
			);
			dependencies = (
				3FC9DF0B1CBFD35900C2D938 /* PBXTargetDependency */,
			);
			name = SwiftMKitDemoTests;
			productName = SwiftMKitDemoTests;
			productReference = 3FC9DF091CBFD35900C2D938 /* SwiftMKitDemoTests.xctest */;
			productType = "com.apple.product-type.bundle.unit-test";
		};
		3FC9DF131CBFD35A00C2D938 /* SwiftMKitDemoUITests */ = {
			isa = PBXNativeTarget;
			buildConfigurationList = 3FC9DF231CBFD35A00C2D938 /* Build configuration list for PBXNativeTarget "SwiftMKitDemoUITests" */;
			buildPhases = (
				6949280C33DADB1D3B07B30E /* Check Pods Manifest.lock */,
				3FC9DF101CBFD35A00C2D938 /* Sources */,
				3FC9DF111CBFD35A00C2D938 /* Frameworks */,
				3FC9DF121CBFD35A00C2D938 /* Resources */,
				B7B4E49122B4F9ACF9867BB5 /* Copy Pods Resources */,
			);
			buildRules = (
			);
			dependencies = (
				3FC9DF161CBFD35A00C2D938 /* PBXTargetDependency */,
			);
			name = SwiftMKitDemoUITests;
			productName = SwiftMKitDemoUITests;
			productReference = 3FC9DF141CBFD35A00C2D938 /* SwiftMKitDemoUITests.xctest */;
			productType = "com.apple.product-type.bundle.ui-testing";
		};
/* End PBXNativeTarget section */

/* Begin PBXProject section */
		3FC9DEED1CBFD35900C2D938 /* Project object */ = {
			isa = PBXProject;
			attributes = {
				LastSwiftUpdateCheck = 0730;
				LastUpgradeCheck = 0730;
				ORGANIZATIONNAME = cdts;
				TargetAttributes = {
					3FC9DEF41CBFD35900C2D938 = {
						CreatedOnToolsVersion = 7.3;
						DevelopmentTeam = GNJH8783XC;
					};
					3FC9DF081CBFD35900C2D938 = {
						CreatedOnToolsVersion = 7.3;
						TestTargetID = 3FC9DEF41CBFD35900C2D938;
					};
					3FC9DF131CBFD35A00C2D938 = {
						CreatedOnToolsVersion = 7.3;
						TestTargetID = 3FC9DEF41CBFD35900C2D938;
					};
				};
			};
			buildConfigurationList = 3FC9DEF01CBFD35900C2D938 /* Build configuration list for PBXProject "SwiftMKitDemo" */;
			compatibilityVersion = "Xcode 3.2";
			developmentRegion = English;
			hasScannedForEncodings = 0;
			knownRegions = (
				en,
				Base,
			);
			mainGroup = 3FC9DEEC1CBFD35900C2D938;
			productRefGroup = 3FC9DEF61CBFD35900C2D938 /* Products */;
			projectDirPath = "";
			projectRoot = "";
			targets = (
				3FC9DEF41CBFD35900C2D938 /* SwiftMKitDemo */,
				3FC9DF081CBFD35900C2D938 /* SwiftMKitDemoTests */,
				3FC9DF131CBFD35A00C2D938 /* SwiftMKitDemoUITests */,
			);
		};
/* End PBXProject section */

/* Begin PBXResourcesBuildPhase section */
		3FC9DEF31CBFD35900C2D938 /* Resources */ = {
			isa = PBXResourcesBuildPhase;
			buildActionMask = 2147483647;
			files = (
				27959A3C1CD3018900546424 /* BaseWebViewController.xib in Resources */,
				3FC9DF031CBFD35900C2D938 /* LaunchScreen.storyboard in Resources */,
				3FC9DF001CBFD35900C2D938 /* Assets.xcassets in Resources */,
				274316C31CC8A6F300E560EE /* MKDataNetworkRequestTableViewCell.xib in Resources */,
				3FC9DEFE1CBFD35900C2D938 /* Main.storyboard in Resources */,
			);
			runOnlyForDeploymentPostprocessing = 0;
		};
		3FC9DF071CBFD35900C2D938 /* Resources */ = {
			isa = PBXResourcesBuildPhase;
			buildActionMask = 2147483647;
			files = (
			);
			runOnlyForDeploymentPostprocessing = 0;
		};
		3FC9DF121CBFD35A00C2D938 /* Resources */ = {
			isa = PBXResourcesBuildPhase;
			buildActionMask = 2147483647;
			files = (
			);
			runOnlyForDeploymentPostprocessing = 0;
		};
/* End PBXResourcesBuildPhase section */

/* Begin PBXShellScriptBuildPhase section */
		09B76908E554998A574A4E8C /* Check Pods Manifest.lock */ = {
			isa = PBXShellScriptBuildPhase;
			buildActionMask = 2147483647;
			files = (
			);
			inputPaths = (
			);
			name = "Check Pods Manifest.lock";
			outputPaths = (
			);
			runOnlyForDeploymentPostprocessing = 0;
			shellPath = /bin/sh;
			shellScript = "diff \"${PODS_ROOT}/../Podfile.lock\" \"${PODS_ROOT}/Manifest.lock\" > /dev/null\nif [[ $? != 0 ]] ; then\n    cat << EOM\nerror: The sandbox is not in sync with the Podfile.lock. Run 'pod install' or update your CocoaPods installation.\nEOM\n    exit 1\nfi\n";
			showEnvVarsInLog = 0;
		};
		5ACD936D397BF12B6AA4D8A5 /* Embed Pods Frameworks */ = {
			isa = PBXShellScriptBuildPhase;
			buildActionMask = 2147483647;
			files = (
			);
			inputPaths = (
			);
			name = "Embed Pods Frameworks";
			outputPaths = (
			);
			runOnlyForDeploymentPostprocessing = 0;
			shellPath = /bin/sh;
			shellScript = "\"${SRCROOT}/Pods/Target Support Files/Pods/Pods-frameworks.sh\"\n";
			showEnvVarsInLog = 0;
		};
		6949280C33DADB1D3B07B30E /* Check Pods Manifest.lock */ = {
			isa = PBXShellScriptBuildPhase;
			buildActionMask = 2147483647;
			files = (
			);
			inputPaths = (
			);
			name = "Check Pods Manifest.lock";
			outputPaths = (
			);
			runOnlyForDeploymentPostprocessing = 0;
			shellPath = /bin/sh;
			shellScript = "diff \"${PODS_ROOT}/../Podfile.lock\" \"${PODS_ROOT}/Manifest.lock\" > /dev/null\nif [[ $? != 0 ]] ; then\n    cat << EOM\nerror: The sandbox is not in sync with the Podfile.lock. Run 'pod install' or update your CocoaPods installation.\nEOM\n    exit 1\nfi\n";
			showEnvVarsInLog = 0;
		};
		9CF31CDFBE9AE247AFA678EB /* Copy Pods Resources */ = {
			isa = PBXShellScriptBuildPhase;
			buildActionMask = 2147483647;
			files = (
			);
			inputPaths = (
			);
			name = "Copy Pods Resources";
			outputPaths = (
			);
			runOnlyForDeploymentPostprocessing = 0;
			shellPath = /bin/sh;
			shellScript = "\"${SRCROOT}/Pods/Target Support Files/Pods/Pods-resources.sh\"\n";
			showEnvVarsInLog = 0;
		};
		B7B4E49122B4F9ACF9867BB5 /* Copy Pods Resources */ = {
			isa = PBXShellScriptBuildPhase;
			buildActionMask = 2147483647;
			files = (
			);
			inputPaths = (
			);
			name = "Copy Pods Resources";
			outputPaths = (
			);
			runOnlyForDeploymentPostprocessing = 0;
			shellPath = /bin/sh;
			shellScript = "\"${SRCROOT}/Pods/Target Support Files/Pods/Pods-resources.sh\"\n";
			showEnvVarsInLog = 0;
		};
/* End PBXShellScriptBuildPhase section */

/* Begin PBXSourcesBuildPhase section */
		3FC9DEF11CBFD35900C2D938 /* Sources */ = {
			isa = PBXSourcesBuildPhase;
			buildActionMask = 2147483647;
			files = (
				273F51A11CC8BF20003ABE4A /* UIViewController+Extension.swift in Sources */,
				273F51B01CC8CB1A003ABE4A /* IndicatorProtocol.swift in Sources */,
				273ACFAD1CC9D60600EB341D /* NetError.swift in Sources */,
				3FC9DF5B1CBFD6D400C2D938 /* MKDataNetworkImagesTableViewCell.swift in Sources */,
				278CAA561CD20970008AC629 /* BaseWebViewModel.swift in Sources */,
				18C2085B1CC862FC00569F42 /* MergeReqViewController.swift in Sources */,
				278937FF1CD0A5CC00F43699 /* TestTeacherEntity.swift in Sources */,
				278938051CD0BC3800F43699 /* BaseListFetchKitViewController.swift in Sources */,
				278937FB1CD0A5CC00F43699 /* PX500PhotosEntity.swift in Sources */,
				27959A3E1CD30BE400546424 /* UITextField+Extension.swift in Sources */,
				3FC9DF5C1CBFD6D400C2D938 /* MKDataNetworkRequestViewController.swift in Sources */,
				3FC9DF5A1CBFD6D400C2D938 /* MKDataNetworkRequestModel.swift in Sources */,
				27276C0E1CC748D60028E938 /* SessionDelegate.swift in Sources */,
				3FC9DF361CBFD53A00C2D938 /* BaseListKitViewController.swift in Sources */,
				273F51B21CC8CD4E003ABE4A /* TaskIndicator.swift in Sources */,
				3FC9DF351CBFD53A00C2D938 /* BaseKitViewModel.swift in Sources */,
				27BA394D1CC74E2400436D23 /* Async.swift in Sources */,
				273F51AD1CC8CAA1003ABE4A /* MBHUDView.swift in Sources */,
				03CC0D761CD204EE00D234FF /* DDLog+Extension.swift in Sources */,
				278938001CD0A5CC00F43699 /* PX500UserEntity+CoreDataProperties.swift in Sources */,
				3FC9DF651CBFD6D400C2D938 /* BaseViewModel.swift in Sources */,
				3FC9DF581CBFD6D400C2D938 /* BaseModel.swift in Sources */,
				3FC9DF341CBFD53A00C2D938 /* BaseKitViewController.swift in Sources */,
				273F51B41CC8DCFB003ABE4A /* TaskIndicatorList.swift in Sources */,
				2778BA711CCF3B01009B926C /* CachePool.swift in Sources */,
				278937FD1CD0A5CC00F43699 /* TestStudentEntity.swift in Sources */,
				278938091CD0CC3500F43699 /* BaseListFetchViewController.swift in Sources */,
				27276C0B1CC748D60028E938 /* ImageParser.swift in Sources */,
				18C2085D1CC8631300569F42 /* ComLatestReqViewController.swift in Sources */,
				27A40F6D1CC5DE890012AF12 /* UIColor+Extension.swift in Sources */,
				3FC77C471CC36AAE002F964B /* String+Extension.swift in Sources */,
				3FC9DF311CBFD53A00C2D938 /* NetApiClient.swift in Sources */,
				278937FA1CD0A5CC00F43699 /* PX500PhotosEntity+CoreDataProperties.swift in Sources */,
				278CAA4D1CD1E00A008AC629 /* WebViewBridge.swift in Sources */,
				3FC9DF591CBFD6D400C2D938 /* MKDataListModel.swift in Sources */,
				278937FC1CD0A5CC00F43699 /* TestStudentEntity+CoreDataProperties.swift in Sources */,
				034FB88C1CD1EC2F00E90738 /* EquatableTuples.swift in Sources */,
				3FC9DF541CBFD6D400C2D938 /* GlobalConfig.swift in Sources */,
				278938011CD0A5CC00F43699 /* PX500UserEntity.swift in Sources */,
				278CAA541CD1F93A008AC629 /* BaseWebViewController.swift in Sources */,
				18C208611CC8635400569F42 /* MergeReqViewModel.swift in Sources */,
				18C208631CC8636400569F42 /* SingleReqViewModel.swift in Sources */,
				27276C041CC71F640028E938 /* NSLayoutConstraint+Extension.swift in Sources */,
				3FC9DF5E1CBFD6D400C2D938 /* MKDataViewController.swift in Sources */,
				278937F61CD0A5CC00F43699 /* BaseEntity+CoreDataProperties.swift in Sources */,
				18C2085F1CC8634000569F42 /* ComLatestReqViewModel.swift in Sources */,
				279193441CD05C17009B08F3 /* Int+Extension.swift in Sources */,
				18C208651CC878DC00569F42 /* BuDeJieModel.swift in Sources */,
				3F8FEAA41CC274DB00F7EAF3 /* UIApplication+Extension.swift in Sources */,
				279193461CD05C5B009B08F3 /* NSTimeInterval+Extension.swift in Sources */,
				3FC9DF321CBFD53A00C2D938 /* NetApiData.swift in Sources */,
				3FC9DF641CBFD6D400C2D938 /* BaseViewController.swift in Sources */,
				278937F81CD0A5CC00F43699 /* PX500PhotoEntity+CoreDataProperties.swift in Sources */,
				18C208591CC862D800569F42 /* SingleReqViewController.swift in Sources */,
				273F51B61CC8E4EE003ABE4A /* NSURLSessionTask+Extension.swift in Sources */,
				279D24FC1CC4D2AB002DD28F /* MKDataNetworkRequestTableViewCell.swift in Sources */,
				274316C11CC8A3BA00E560EE /* MKDataStoreViewModel.swift in Sources */,
				2789380B1CD0CC4300F43699 /* BaseListFetchViewModel.swift in Sources */,
				2783E0071CC89E74007247F6 /* NSObject+Extension.swift in Sources */,
				27276C0C1CC748D60028E938 /* ImageScout.swift in Sources */,
				278CAA421CD19849008AC629 /* BaseKitEntity.swift in Sources */,
				3F33D38D1CC203370061C5B0 /* MKitDemoNetApi.swift in Sources */,
				278CAA4F1CD1E6FC008AC629 /* BaseKitWebViewController.swift in Sources */,
				278937FE1CD0A5CC00F43699 /* TestTeacherEntity+CoreDataProperties.swift in Sources */,
				27276C0D1CC748D60028E938 /* ScoutOperation.swift in Sources */,
				3FC9DF621CBFD6D400C2D938 /* BaseListViewController.swift in Sources */,
				3FC9DF5D1CBFD6D400C2D938 /* MKDataNetworkRequestDetailViewController.swift in Sources */,
				3FC9DF611CBFD6D400C2D938 /* MKDataViewModel.swift in Sources */,
				3FC9DF371CBFD53A00C2D938 /* BaseListKitViewModel.swift in Sources */,
				27A5B20E1CC86E88005A59CA /* SwiftMKitDemo.xcdatamodeld in Sources */,
				274316BF1CC8A38000E560EE /* MKDataStoreViewController.swift in Sources */,
				273F51AC1CC8CAA1003ABE4A /* HUDProtocol.swift in Sources */,
				278937F71CD0A5CC00F43699 /* BaseEntity.swift in Sources */,
				3FC9DF601CBFD6D400C2D938 /* MKDataNetworkRequestViewModel.swift in Sources */,
				3FC9DF5F1CBFD6D400C2D938 /* MKDataNetworkRequestDetailViewModel.swift in Sources */,
				3F33D38B1CC1F37B0061C5B0 /* NetApiProtocol.swift in Sources */,
				278938071CD0BC7600F43699 /* BaseListFetchKitViewModel.swift in Sources */,
				3FC77C451CC36A6D002F964B /* Dictionary+Extension.swift in Sources */,
				3FC9DF331CBFD53A00C2D938 /* SwiftMKit.swift in Sources */,
				18E184E41CC48B2500F14923 /* BaseKitModel.swift in Sources */,
				278937F91CD0A5CC00F43699 /* PX500PhotoEntity.swift in Sources */,
				3FC9DF631CBFD6D400C2D938 /* BaseListViewModel.swift in Sources */,
				3FC9DEF91CBFD35900C2D938 /* AppDelegate.swift in Sources */,
				3F0E85361CD0FDFC00A55D1D /* CollectionType+Extension.swift in Sources */,
			);
			runOnlyForDeploymentPostprocessing = 0;
		};
		3FC9DF051CBFD35900C2D938 /* Sources */ = {
			isa = PBXSourcesBuildPhase;
			buildActionMask = 2147483647;
			files = (
				034FB8891CD1B1B900E90738 /* NSTimeIntervalTests.swift in Sources */,
				273ACFAB1CC9AE9600EB341D /* RACTests.swift in Sources */,
				3FC9DF0E1CBFD35900C2D938 /* SwiftMKitDemoTests.swift in Sources */,
				03CC0D781CD211F300D234FF /* CollectionTypeTests.swift in Sources */,
				274113CD1CCDC95600EECE5A /* JsonMapTests.swift in Sources */,
			);
			runOnlyForDeploymentPostprocessing = 0;
		};
		3FC9DF101CBFD35A00C2D938 /* Sources */ = {
			isa = PBXSourcesBuildPhase;
			buildActionMask = 2147483647;
			files = (
				3FC9DF191CBFD35A00C2D938 /* SwiftMKitDemoUITests.swift in Sources */,
			);
			runOnlyForDeploymentPostprocessing = 0;
		};
/* End PBXSourcesBuildPhase section */

/* Begin PBXTargetDependency section */
		3FC9DF0B1CBFD35900C2D938 /* PBXTargetDependency */ = {
			isa = PBXTargetDependency;
			target = 3FC9DEF41CBFD35900C2D938 /* SwiftMKitDemo */;
			targetProxy = 3FC9DF0A1CBFD35900C2D938 /* PBXContainerItemProxy */;
		};
		3FC9DF161CBFD35A00C2D938 /* PBXTargetDependency */ = {
			isa = PBXTargetDependency;
			target = 3FC9DEF41CBFD35900C2D938 /* SwiftMKitDemo */;
			targetProxy = 3FC9DF151CBFD35A00C2D938 /* PBXContainerItemProxy */;
		};
/* End PBXTargetDependency section */

/* Begin PBXVariantGroup section */
		3FC9DEFC1CBFD35900C2D938 /* Main.storyboard */ = {
			isa = PBXVariantGroup;
			children = (
				3FC9DEFD1CBFD35900C2D938 /* Base */,
			);
			name = Main.storyboard;
			sourceTree = "<group>";
		};
		3FC9DF011CBFD35900C2D938 /* LaunchScreen.storyboard */ = {
			isa = PBXVariantGroup;
			children = (
				3FC9DF021CBFD35900C2D938 /* Base */,
			);
			name = LaunchScreen.storyboard;
			sourceTree = "<group>";
		};
/* End PBXVariantGroup section */

/* Begin XCBuildConfiguration section */
		3FC9DF1B1CBFD35A00C2D938 /* Debug */ = {
			isa = XCBuildConfiguration;
			buildSettings = {
				ALWAYS_SEARCH_USER_PATHS = NO;
				CLANG_ANALYZER_NONNULL = YES;
				CLANG_CXX_LANGUAGE_STANDARD = "gnu++0x";
				CLANG_CXX_LIBRARY = "libc++";
				CLANG_ENABLE_MODULES = YES;
				CLANG_ENABLE_OBJC_ARC = YES;
				CLANG_WARN_BOOL_CONVERSION = YES;
				CLANG_WARN_CONSTANT_CONVERSION = YES;
				CLANG_WARN_DIRECT_OBJC_ISA_USAGE = YES_ERROR;
				CLANG_WARN_EMPTY_BODY = YES;
				CLANG_WARN_ENUM_CONVERSION = YES;
				CLANG_WARN_INT_CONVERSION = YES;
				CLANG_WARN_OBJC_ROOT_CLASS = YES_ERROR;
				CLANG_WARN_UNREACHABLE_CODE = YES;
				CLANG_WARN__DUPLICATE_METHOD_MATCH = YES;
				"CODE_SIGN_IDENTITY[sdk=iphoneos*]" = "iPhone Developer";
				COPY_PHASE_STRIP = NO;
				DEBUG_INFORMATION_FORMAT = dwarf;
				ENABLE_STRICT_OBJC_MSGSEND = YES;
				ENABLE_TESTABILITY = YES;
				GCC_C_LANGUAGE_STANDARD = gnu99;
				GCC_DYNAMIC_NO_PIC = NO;
				GCC_NO_COMMON_BLOCKS = YES;
				GCC_OPTIMIZATION_LEVEL = 0;
				GCC_PREPROCESSOR_DEFINITIONS = (
					"DEBUG=1",
					"$(inherited)",
				);
				GCC_WARN_64_TO_32_BIT_CONVERSION = YES;
				GCC_WARN_ABOUT_RETURN_TYPE = YES_ERROR;
				GCC_WARN_UNDECLARED_SELECTOR = YES;
				GCC_WARN_UNINITIALIZED_AUTOS = YES_AGGRESSIVE;
				GCC_WARN_UNUSED_FUNCTION = YES;
				GCC_WARN_UNUSED_VARIABLE = YES;
				IPHONEOS_DEPLOYMENT_TARGET = 9.3;
				MTL_ENABLE_DEBUG_INFO = YES;
				ONLY_ACTIVE_ARCH = YES;
				SDKROOT = iphoneos;
				SWIFT_OPTIMIZATION_LEVEL = "-Onone";
			};
			name = Debug;
		};
		3FC9DF1C1CBFD35A00C2D938 /* Release */ = {
			isa = XCBuildConfiguration;
			buildSettings = {
				ALWAYS_SEARCH_USER_PATHS = NO;
				CLANG_ANALYZER_NONNULL = YES;
				CLANG_CXX_LANGUAGE_STANDARD = "gnu++0x";
				CLANG_CXX_LIBRARY = "libc++";
				CLANG_ENABLE_MODULES = YES;
				CLANG_ENABLE_OBJC_ARC = YES;
				CLANG_WARN_BOOL_CONVERSION = YES;
				CLANG_WARN_CONSTANT_CONVERSION = YES;
				CLANG_WARN_DIRECT_OBJC_ISA_USAGE = YES_ERROR;
				CLANG_WARN_EMPTY_BODY = YES;
				CLANG_WARN_ENUM_CONVERSION = YES;
				CLANG_WARN_INT_CONVERSION = YES;
				CLANG_WARN_OBJC_ROOT_CLASS = YES_ERROR;
				CLANG_WARN_UNREACHABLE_CODE = YES;
				CLANG_WARN__DUPLICATE_METHOD_MATCH = YES;
				"CODE_SIGN_IDENTITY[sdk=iphoneos*]" = "iPhone Developer";
				COPY_PHASE_STRIP = NO;
				DEBUG_INFORMATION_FORMAT = "dwarf-with-dsym";
				ENABLE_NS_ASSERTIONS = NO;
				ENABLE_STRICT_OBJC_MSGSEND = YES;
				GCC_C_LANGUAGE_STANDARD = gnu99;
				GCC_NO_COMMON_BLOCKS = YES;
				GCC_WARN_64_TO_32_BIT_CONVERSION = YES;
				GCC_WARN_ABOUT_RETURN_TYPE = YES_ERROR;
				GCC_WARN_UNDECLARED_SELECTOR = YES;
				GCC_WARN_UNINITIALIZED_AUTOS = YES_AGGRESSIVE;
				GCC_WARN_UNUSED_FUNCTION = YES;
				GCC_WARN_UNUSED_VARIABLE = YES;
				IPHONEOS_DEPLOYMENT_TARGET = 9.3;
				MTL_ENABLE_DEBUG_INFO = NO;
				SDKROOT = iphoneos;
				VALIDATE_PRODUCT = YES;
			};
			name = Release;
		};
		3FC9DF1E1CBFD35A00C2D938 /* Debug */ = {
			isa = XCBuildConfiguration;
			buildSettings = {
				ASSETCATALOG_COMPILER_APPICON_NAME = AppIcon;
				CLANG_ENABLE_MODULES = YES;
				CODE_SIGN_IDENTITY = "iPhone Developer: Xianfeng Cheng (CUN4CK964J)";
				"CODE_SIGN_IDENTITY[sdk=iphoneos*]" = "iPhone Developer: Xianfeng Cheng (CUN4CK964J)";
				INFOPLIST_FILE = SwiftMKitDemo/Info.plist;
				IPHONEOS_DEPLOYMENT_TARGET = 8.0;
				LD_RUNPATH_SEARCH_PATHS = "$(inherited) @executable_path/Frameworks";
				PRODUCT_BUNDLE_IDENTIFIER = com.jimubox.swiftmkitdemo;
				PRODUCT_NAME = "$(TARGET_NAME)";
				PROVISIONING_PROFILE = "61a40102-9fb8-4448-acda-8d71782e8eef";
				SWIFT_OBJC_BRIDGING_HEADER = "SwiftMKitDemo/SwiftMKitDemo-Bridging-Header.h";
				SWIFT_OPTIMIZATION_LEVEL = "-Onone";
			};
			name = Debug;
		};
		3FC9DF1F1CBFD35A00C2D938 /* Release */ = {
			isa = XCBuildConfiguration;
			buildSettings = {
				ASSETCATALOG_COMPILER_APPICON_NAME = AppIcon;
				CLANG_ENABLE_MODULES = YES;
				CODE_SIGN_IDENTITY = "iPhone Developer: Xianfeng Cheng (CUN4CK964J)";
				"CODE_SIGN_IDENTITY[sdk=iphoneos*]" = "iPhone Developer: Xianfeng Cheng (CUN4CK964J)";
				INFOPLIST_FILE = SwiftMKitDemo/Info.plist;
				IPHONEOS_DEPLOYMENT_TARGET = 8.0;
				LD_RUNPATH_SEARCH_PATHS = "$(inherited) @executable_path/Frameworks";
				PRODUCT_BUNDLE_IDENTIFIER = com.jimubox.swiftmkitdemo;
				PRODUCT_NAME = "$(TARGET_NAME)";
				PROVISIONING_PROFILE = "61a40102-9fb8-4448-acda-8d71782e8eef";
				SWIFT_OBJC_BRIDGING_HEADER = "SwiftMKitDemo/SwiftMKitDemo-Bridging-Header.h";
			};
			name = Release;
		};
		3FC9DF211CBFD35A00C2D938 /* Debug */ = {
			isa = XCBuildConfiguration;
			baseConfigurationReference = 199C65544CEFC546821FD670 /* Pods.debug.xcconfig */;
			buildSettings = {
				BUNDLE_LOADER = "$(TEST_HOST)";
				INFOPLIST_FILE = SwiftMKitDemoTests/Info.plist;
				LD_RUNPATH_SEARCH_PATHS = "$(inherited) @executable_path/Frameworks @loader_path/Frameworks";
				PRODUCT_BUNDLE_IDENTIFIER = com.cdts.SwiftMKitDemoTests;
				PRODUCT_NAME = "$(TARGET_NAME)";
				SWIFT_OBJC_BRIDGING_HEADER = "SwiftMKitDemo/SwiftMKitDemo-Bridging-Header.h";
				TEST_HOST = "$(BUILT_PRODUCTS_DIR)/SwiftMKitDemo.app/SwiftMKitDemo";
			};
			name = Debug;
		};
		3FC9DF221CBFD35A00C2D938 /* Release */ = {
			isa = XCBuildConfiguration;
			baseConfigurationReference = 310227F5FBDD439577E6254A /* Pods.release.xcconfig */;
			buildSettings = {
				BUNDLE_LOADER = "$(TEST_HOST)";
				INFOPLIST_FILE = SwiftMKitDemoTests/Info.plist;
				LD_RUNPATH_SEARCH_PATHS = "$(inherited) @executable_path/Frameworks @loader_path/Frameworks";
				PRODUCT_BUNDLE_IDENTIFIER = com.cdts.SwiftMKitDemoTests;
				PRODUCT_NAME = "$(TARGET_NAME)";
				SWIFT_OBJC_BRIDGING_HEADER = "SwiftMKitDemo/SwiftMKitDemo-Bridging-Header.h";
				TEST_HOST = "$(BUILT_PRODUCTS_DIR)/SwiftMKitDemo.app/SwiftMKitDemo";
			};
			name = Release;
		};
		3FC9DF241CBFD35A00C2D938 /* Debug */ = {
			isa = XCBuildConfiguration;
			baseConfigurationReference = 199C65544CEFC546821FD670 /* Pods.debug.xcconfig */;
			buildSettings = {
				INFOPLIST_FILE = SwiftMKitDemoUITests/Info.plist;
				LD_RUNPATH_SEARCH_PATHS = "$(inherited) @executable_path/Frameworks @loader_path/Frameworks";
				PRODUCT_BUNDLE_IDENTIFIER = com.cdts.SwiftMKitDemoUITests;
				PRODUCT_NAME = "$(TARGET_NAME)";
				SWIFT_OBJC_BRIDGING_HEADER = "SwiftMKitDemo/SwiftMKitDemo-Bridging-Header.h";
				TEST_TARGET_NAME = SwiftMKitDemo;
			};
			name = Debug;
		};
		3FC9DF251CBFD35A00C2D938 /* Release */ = {
			isa = XCBuildConfiguration;
			baseConfigurationReference = 310227F5FBDD439577E6254A /* Pods.release.xcconfig */;
			buildSettings = {
				INFOPLIST_FILE = SwiftMKitDemoUITests/Info.plist;
				LD_RUNPATH_SEARCH_PATHS = "$(inherited) @executable_path/Frameworks @loader_path/Frameworks";
				PRODUCT_BUNDLE_IDENTIFIER = com.cdts.SwiftMKitDemoUITests;
				PRODUCT_NAME = "$(TARGET_NAME)";
				SWIFT_OBJC_BRIDGING_HEADER = "SwiftMKitDemo/SwiftMKitDemo-Bridging-Header.h";
				TEST_TARGET_NAME = SwiftMKitDemo;
			};
			name = Release;
		};
/* End XCBuildConfiguration section */

/* Begin XCConfigurationList section */
		3FC9DEF01CBFD35900C2D938 /* Build configuration list for PBXProject "SwiftMKitDemo" */ = {
			isa = XCConfigurationList;
			buildConfigurations = (
				3FC9DF1B1CBFD35A00C2D938 /* Debug */,
				3FC9DF1C1CBFD35A00C2D938 /* Release */,
			);
			defaultConfigurationIsVisible = 0;
			defaultConfigurationName = Release;
		};
		3FC9DF1D1CBFD35A00C2D938 /* Build configuration list for PBXNativeTarget "SwiftMKitDemo" */ = {
			isa = XCConfigurationList;
			buildConfigurations = (
				3FC9DF1E1CBFD35A00C2D938 /* Debug */,
				3FC9DF1F1CBFD35A00C2D938 /* Release */,
			);
			defaultConfigurationIsVisible = 0;
			defaultConfigurationName = Release;
		};
		3FC9DF201CBFD35A00C2D938 /* Build configuration list for PBXNativeTarget "SwiftMKitDemoTests" */ = {
			isa = XCConfigurationList;
			buildConfigurations = (
				3FC9DF211CBFD35A00C2D938 /* Debug */,
				3FC9DF221CBFD35A00C2D938 /* Release */,
			);
			defaultConfigurationIsVisible = 0;
			defaultConfigurationName = Release;
		};
		3FC9DF231CBFD35A00C2D938 /* Build configuration list for PBXNativeTarget "SwiftMKitDemoUITests" */ = {
			isa = XCConfigurationList;
			buildConfigurations = (
				3FC9DF241CBFD35A00C2D938 /* Debug */,
				3FC9DF251CBFD35A00C2D938 /* Release */,
			);
			defaultConfigurationIsVisible = 0;
			defaultConfigurationName = Release;
		};
/* End XCConfigurationList section */

/* Begin XCVersionGroup section */
		27A5B20C1CC86E88005A59CA /* SwiftMKitDemo.xcdatamodeld */ = {
			isa = XCVersionGroup;
			children = (
				27A5B20D1CC86E88005A59CA /* SwiftMKitDemo.xcdatamodel */,
			);
			currentVersion = 27A5B20D1CC86E88005A59CA /* SwiftMKitDemo.xcdatamodel */;
			path = SwiftMKitDemo.xcdatamodeld;
			sourceTree = "<group>";
			versionGroupType = wrapper.xcdatamodel;
		};
/* End XCVersionGroup section */
	};
	rootObject = 3FC9DEED1CBFD35900C2D938 /* Project object */;
}
