PODS:
  - Alamofire (3.5.1)
  - Aspects (1.4.1)
  - Charts (2.2.4):
    - Charts/Core (= 2.2.4)
  - Charts/Core (2.2.4)
  - CocoaLumberjack/Core (2.3.0)
  - CocoaLumberjack/Default (2.3.0):
    - CocoaLumberjack/Core
  - CocoaLumberjack/Extensions (2.3.0):
    - CocoaLumberjack/Default
  - CocoaLumberjack/Swift (2.3.0):
    - CocoaLumberjack/Extensions
  - CryptoSwift (0.5.1)
  - EZSwiftExtensions (1.6)
  - FDFullscreenPopGesture (1.1)
  - HanekeSwift (0.10.1)
  - IQKeyboardManager (4.0.6)
  - JSPatch (1.1):
    - JSPatch/Core (= 1.1)
  - JSPatch/Core (1.1)
  - MagicalRecord (2.3.2):
    - MagicalRecord/Core (= 2.3.2)
  - MagicalRecord/Core (2.3.2)
  - MBProgressHUD (1.0.0)
  - MJExtension (3.0.13)
  - MJRefresh (3.1.12)
  - PINCache (2.3)
  - pop (1.0.9)
  - PulsingHalo (0.2.3)
  - ReachabilitySwift (2.3.3)
  - ReactiveCocoa (4.1.0):
    - ReactiveCocoa/UI (= 4.1.0)
    - Result (~> 2.0)
  - ReactiveCocoa/Core (4.1.0):
    - ReactiveCocoa/no-arc
    - Result (~> 2.0)
  - ReactiveCocoa/no-arc (4.1.0):
    - Result (~> 2.0)
  - ReactiveCocoa/UI (4.1.0):
    - ReactiveCocoa/Core
    - Result (~> 2.0)
  - Result (2.1.3)
  - SnapKit (0.22.0)
  - WebViewJavascriptBridge (5.0.5)

DEPENDENCIES:
  - Alamofire (~> 3.5.0)
  - Aspects (~> 1.4.0)
  - Charts (~> 2.2.4)
  - CocoaLumberjack/Swift (~> 2.3.0)
  - CryptoSwift (~> 0.5.0)
  - EZSwiftExtensions (~> 1.6.0)
  - FDFullscreenPopGesture (~> 1.1)
  - HanekeSwift (~> 0.10.0)
  - IQKeyboardManager (~> 4.0.0)
  - JSPatch (~> 1.1.0)
  - MagicalRecord (~> 2.3.0)
  - MBProgressHUD (~> 1.0.0)
  - MJExtension (~> 3.0.0)
  - MJRefresh (~> 3.1.0)
  - PINCache (~> 2.3.0)
  - pop (~> 1.0.0)
  - PulsingHalo (~> 0.2.0)
  - ReachabilitySwift (~> 2.3.0)
  - ReactiveCocoa (~> 4.1.0)
  - SnapKit (~> 0.22.0)
  - WebViewJavascriptBridge (~> 5.0.0)

SPEC CHECKSUMS:
  Alamofire: 0dfba1184a543e2aa160f4e39cac4e8aba48d223
  Aspects: 7595ba96a6727a58ebcbfc954497fc5d2fdde546
  Charts: a9e735c83c6d376ade20f6612dcf0ba217394a49
  CocoaLumberjack: 97fab7ee5f507fe54445cca7ea80f926729cfd15
  CryptoSwift: df42dda18baf6c76347a94e227dbcc0a341304bd
  EZSwiftExtensions: 6c5e29ae473b3d2edbf5472eab0a3d7bdb20215c
  FDFullscreenPopGesture: a8a620179e3d9c40e8e00256dcee1c1a27c6d0f0
  HanekeSwift: 08e47d3d0f2899ec58e5d257beba0de619aca9e8
  IQKeyboardManager: c52debb1967799ae7addb98eab0cf328083a874f
  JSPatch: ade285ad1d8f06146ed6054a39cef87509453299
  MagicalRecord: 53bed74b4323b930992a725be713e53b37d19755
  MBProgressHUD: 4890f671c94e8a0f3cf959aa731e9de2f036d71a
  MJExtension: 5932755f451458eefa24239358817f8d291240c7
  MJRefresh: b96cdb21c4aa75a7b07654311ab2f315c497e806
  PINCache: ce36ed282031b92fc7733ffe831f474ff80fddc2
  pop: f667631a5108a2e60d9e8797c9b32ddaf2080bce
  PulsingHalo: f0fe19699182eb959e4bc333838a2609ef7f7d48
  ReachabilitySwift: e0f6b6f280effb47731acfaaa2d5ffe223703793
  ReactiveCocoa: d70004d7a366a7b8e87e60ce2347182c77701949
  Result: 18e1a7597fbcca5923c565b40a25a98afafdee02
  SnapKit: 0dd2fd157330f1ea11fd84da13e6be8a7a22bae0
  WebViewJavascriptBridge: a4d502315f1b8d9a51cd6a9174147ed567ec3bc5

PODFILE CHECKSUM: 28449beac5066bb43855bfdb84229a8d0627f3c7

COCOAPODS: 1.1.0
