PODS:
  - Alamofire (3.3.0)
  - CocoaLumberjack/Core (2.2.0)
  - CocoaLumberjack/Default (2.2.0):
    - CocoaLumberjack/Core
  - CocoaLumberjack/Extensions (2.2.0):
    - CocoaLumberjack/Default
  - CocoaLumberjack/Swift (2.2.0):
    - CocoaLumberjack/Extensions
  - MJRefresh (3.1.0)
  - ReactiveCocoa (4.1.0):
    - ReactiveCocoa/UI (= 4.1.0)
    - Result (~> 2.0)
  - ReactiveCocoa/Core (4.1.0):
    - ReactiveCocoa/no-arc
    - Result (~> 2.0)
  - ReactiveCocoa/no-arc (4.1.0):
    - Result (~> 2.0)
  - ReactiveCocoa/UI (4.1.0):
    - ReactiveCocoa/Core
    - Result (~> 2.0)
  - Result (2.0.0)
  - SwiftMKit (1.0.4):
    - Alamofire
    - CocoaLumberjack/Swift
    - MJRefresh
    - ReactiveCocoa
    - SwiftyJSON
  - SwiftyJSON (2.3.2)

DEPENDENCIES:
  - SwiftMKit

SPEC CHECKSUMS:
  Alamofire: 9054db4a1b1ca9e363223183e01cea380159a27c
  CocoaLumberjack: 17fe8581f84914d5d7e6360f7c70022b173c3ae0
  MJRefresh: 743e6404967d1c2c688472ea3ecfde247d872db4
  ReactiveCocoa: d70004d7a366a7b8e87e60ce2347182c77701949
  Result: 9e75e1111c774c6ac594e14907b15057053a7959
  SwiftMKit: 79274f4423735e6c2b08ce14a3bb0b176e72cd6f
  SwiftyJSON: 04ccea08915aa0109039157c7974cf0298da292a

COCOAPODS: 0.39.0
